
Microsoft Visual Studio Solution File, Format Version 12.00
# Visual Studio 2010
Project("{FAE04EC0-301F-11D3-BF4B-00C04F79EFBC}") = "Core", "Core\Core.csproj", "{6DB4D740-6562-4AB5-908E-31A19BB0191C}"
EndProject
Project("{FAE04EC0-301F-11D3-BF4B-00C04F79EFBC}") = "CommonTypes", "CommonTypes\CommonTypes.csproj", "{0FA91088-3580-4088-B580-FAE138DEFF14}"
EndProject
Project("{FAE04EC0-301F-11D3-BF4B-00C04F79EFBC}") = "DataProviderExample", "DataProviders\DataProviderExample\DataProviderExample.csproj", "{BF71D7E8-589B-4742-8D9E-579275A5C236}"
EndProject
Project("{2150E333-8FDC-42A3-9474-1A3956D46DE8}") = "DataProviders", "DataProviders", "{5C59242E-85E2-491B-A47C-EB55AF7AC14F}"
EndProject
Project("{2150E333-8FDC-42A3-9474-1A3956D46DE8}") = "Emulators", "Emulators", "{FFC7F3CA-A223-40C7-9066-D9AD0A0299B8}"
EndProject
Project("{2150E333-8FDC-42A3-9474-1A3956D46DE8}") = "DataProviders", "DataProviders", "{5E1F9A28-DC10-44D3-8735-342B5AF43863}"
EndProject
Project("{2150E333-8FDC-42A3-9474-1A3956D46DE8}") = "DataReceivers", "DataReceivers", "{B49B9A5A-C663-4685-98E3-C21D52477561}"
EndProject
Project("{FAE04EC0-301F-11D3-BF4B-00C04F79EFBC}") = "TrendsViewer", "DataReceivers\TrendsViewer\TrendsViewer.csproj", "{7C355D60-FA05-4D1C-95A7-788AE37FC887}"
EndProject
Project("{FAE04EC0-301F-11D3-BF4B-00C04F79EFBC}") = "OffGas", "Emulators\DataProviders\OffGas\OffGas.csproj", "{42E40D80-605C-4B16-B65F-1B06256D80DA}"
EndProject
Project("{FAE04EC0-301F-11D3-BF4B-00C04F79EFBC}") = "Converter", "Converter\Converter.csproj", "{DB6D9DBC-C09F-47F8-8908-3FEB8D580EB0}"
EndProject
Project("{2150E333-8FDC-42A3-9474-1A3956D46DE8}") = "External", "External", "{1AB60D3B-E521-4023-8354-8B22C2197001}"
EndProject
Project("{FAE04EC0-301F-11D3-BF4B-00C04F79EFBC}") = "OPCdotNETLib", "..\libs\External\OPCdotNETLib\OPCdotNETLib.csproj", "{5F6BB83A-7454-4568-8D75-E1258E7105AB}"
EndProject
Project("{FAE04EC0-301F-11D3-BF4B-00C04F79EFBC}") = "OffGasAnalysis", "DataProviders\OffGasAnalysis\OffGasAnalysis.csproj", "{61466A90-5F1F-447A-9851-FB5E877B22D2}"
EndProject
Project("{FAE04EC0-301F-11D3-BF4B-00C04F79EFBC}") = "CoreDataDeserializer", "Emulators\CoreDataDeserializer\CoreDataDeserializer.csproj", "{E599B443-AFC9-49A7-9664-07F241DC007B}"
EndProject
Project("{2150E333-8FDC-42A3-9474-1A3956D46DE8}") = "Tools", "Tools", "{82E69D12-FBC7-4C2D-AA68-F4DF7B79E48F}"
EndProject
Project("{FAE04EC0-301F-11D3-BF4B-00C04F79EFBC}") = "EventsPlayer", "Emulators\EventsPlayer\EventsPlayer.csproj", "{3892C736-1FEE-4C1A-A355-3DA1BB288990}"
EndProject
Project("{FAE04EC0-301F-11D3-BF4B-00C04F79EFBC}") = "ConverterVisio", "DataReceivers\ConverterVisio\ConverterVisio.csproj", "{D4322107-6A4C-49A0-A990-7350E1684CA6}"
EndProject
Project("{FAE04EC0-301F-11D3-BF4B-00C04F79EFBC}") = "OPCClient", "DataProviders\OPCClient\OPCClient.csproj", "{8D160559-4C4E-4F88-8931-F7FA2710882C}"
EndProject
Project("{FAE04EC0-301F-11D3-BF4B-00C04F79EFBC}") = "ElectroVisio", "DataReceivers\ElectroVisio\ElectroVisio.csproj", "{EB403422-022F-4F16-B0EB-18511D431C6A}"
EndProject
Project("{FAE04EC0-301F-11D3-BF4B-00C04F79EFBC}") = "ConnectionProvider", "ConnectionProvider\ConnectionProvider.csproj", "{6908AF06-DBFF-458F-9354-E8FD38F8C932}"
EndProject
Project("{FAE04EC0-301F-11D3-BF4B-00C04F79EFBC}") = "HeatPassport", "HeatPassport\HeatPassport.csproj", "{06742978-338D-479E-936D-9D94EA97ED2B}"
EndProject
Project("{FAE04EC0-301F-11D3-BF4B-00C04F79EFBC}") = "Esms", "Esms\Esms.csproj", "{0D72DFE0-3B2F-4ECD-9ACA-B20205D89713}"
EndProject
Project("{FAE04EC0-301F-11D3-BF4B-00C04F79EFBC}") = "ConverterUI", "DataReceivers\ConverterUI\ConverterUI.csproj", "{0AC34459-3AEB-416A-BF1F-C22C6285363D}"
EndProject
Project("{FAE04EC0-301F-11D3-BF4B-00C04F79EFBC}") = "EventsDBWriter", "Tools\EventsDBWriter\EventsDBWriter\EventsDBWriter.csproj", "{72DB6C85-56F9-4A86-BD06-C49891CE2238}"
EndProject
Project("{FAE04EC0-301F-11D3-BF4B-00C04F79EFBC}") = "OPCClientConfigurator", "DataProviders\OPCClient\OPCClientConfigurator\OPCClientConfigurator\OPCClientConfigurator.csproj", "{06C3B8ED-32F7-48BA-A3E2-0EB33BD17C53}"
EndProject
Project("{FAE04EC0-301F-11D3-BF4B-00C04F79EFBC}") = "OPCCommon", "DataProviders\OPCClient\OPCCommon\OPCCommon.csproj", "{AB4FF916-2ADA-4BF4-A7DB-CF834043140B}"
EndProject
Project("{FAE04EC0-301F-11D3-BF4B-00C04F79EFBC}") = "EventsStoreManager", "Tools\EventsStoreManager\EventsStoreManager\EventsStoreManager.csproj", "{FA7BF661-E768-4010-9854-24889594A66E}"
EndProject
Project("{FAE04EC0-301F-11D3-BF4B-00C04F79EFBC}") = "TrendsManager", "..\libs\TrendsManager\TrendsManager.csproj", "{08B58009-10A1-4C81-B07C-3CAFB5E80578}"
EndProject
Project("{2150E333-8FDC-42A3-9474-1A3956D46DE8}") = "Libs", "Libs", "{97EA10A9-1B59-4EE7-8E8B-1DE96ADFBAE7}"
EndProject
Project("{FAE04EC0-301F-11D3-BF4B-00C04F79EFBC}") = "OracleDBLayer", "..\libs\OracleDBLayer\OracleDBLayer\OracleDBLayer.csproj", "{978D795F-DC2A-45F0-99C5-F430436E48B0}"
EndProject
Project("{FAE04EC0-301F-11D3-BF4B-00C04F79EFBC}") = "PldParser", "..\libs\PldParser\PldParser\PldParser.csproj", "{A4F5FB33-6831-4AA8-88AB-4A0D2ACA41D4}"
EndProject
Project("{FAE04EC0-301F-11D3-BF4B-00C04F79EFBC}") = "Trends", "..\libs\DBTrends\DBTrends\Trends.csproj", "{33289197-F902-4C21-9705-3B0011D93575}"
EndProject
Project("{FAE04EC0-301F-11D3-BF4B-00C04F79EFBC}") = "BlowingSchemaEvent_generator", "DataProviders\BlowingSchemaEvent_generator\BlowingSchemaEvent_generator.csproj", "{6CCD1C2B-D2E9-454B-8490-B80C245633DB}"
EndProject
Project("{FAE04EC0-301F-11D3-BF4B-00C04F79EFBC}") = "Implements", "Tools\Implements\Implements.csproj", "{A666AD62-F9EF-4F0A-B459-073F18986D6B}"
EndProject
Project("{FAE04EC0-301F-11D3-BF4B-00C04F79EFBC}") = "ConverterHeatProcessorEngine", "HeatProcessors\ConverterHeatProcessorEngine\ConverterHeatProcessorEngine.csproj", "{F34139B2-DE06-4E0A-B1B4-7EE9BA3644EF}"
EndProject
Project("{2150E333-8FDC-42A3-9474-1A3956D46DE8}") = "HeatProcessors", "HeatProcessors", "{2E4DA181-53F8-468A-823A-0EAC8BF96E20}"
EndProject
Project("{FAE04EC0-301F-11D3-BF4B-00C04F79EFBC}") = "ConverterHeatProcessor", "HeatProcessors\ConverterHeatProcessor\ConverterHeatProcessor.csproj", "{9A466CB7-910B-4F26-B7EE-89CC70337C61}"
EndProject
Project("{FAE04EC0-301F-11D3-BF4B-00C04F79EFBC}") = "OPCDirectWriter", "DataProviders\OPCDirectWriter\OPCDirectWriter.csproj", "{AA39F825-C5F6-43AE-8DE8-9BA60C7AAEE1}"
EndProject
Project("{2150E333-8FDC-42A3-9474-1A3956D46DE8}") = "Algorithms", "Algorithms", "{8DA2FB4A-0BE6-491E-A371-A26CB1F47034}"
EndProject
Project("{FAE04EC0-301F-11D3-BF4B-00C04F79EFBC}") = "AlgorithmsUI", "Algorithms\AlgorithmsUI\AlgorithmsUI.csproj", "{3876C073-B861-4851-BFE6-ACC0095978F9}"
EndProject
Project("{FAE04EC0-301F-11D3-BF4B-00C04F79EFBC}") = "HeatCharge", "Algorithms\HeatChargeDecarbonater\HeatCharge.csproj", "{F77443A7-0C3C-45F1-9223-1624B3B66495}"
EndProject
Project("{FAE04EC0-301F-11D3-BF4B-00C04F79EFBC}") = "OPCFledged", "DataProviders\OPCFledged\OPCFledged.csproj", "{EC4CED4D-611E-4B73-BF8D-E7309F336504}"
EndProject
Project("{FAE04EC0-301F-11D3-BF4B-00C04F79EFBC}") = "EsmsFusionProtocol", "Tools\EsmsFusionProtocol\EsmsFusionProtocol\EsmsFusionProtocol.csproj", "{09E6D6C2-48E9-4FCE-9A4E-F3E2C8D39FB9}"
EndProject
Project("{FAE04EC0-301F-11D3-BF4B-00C04F79EFBC}") = "SQLServerSyncProvider", "DataProviders\SQLServerSyncProvider\SQLServerSyncProvider.csproj", "{33865A01-8B94-4D44-A1CC-A375357C80A7}"
EndProject
Project("{FAE04EC0-301F-11D3-BF4B-00C04F79EFBC}") = "Emulator", "Tools\ExportFromExcel\ExportFromExcel\Emulator.csproj", "{2C65ED94-2653-4084-B99D-43BC15C134BA}"
EndProject
Project("{FAE04EC0-301F-11D3-BF4B-00C04F79EFBC}") = "JSONClient", "DataProviders\JSONClient\JSONClient.csproj", "{E4A69E91-0947-438C-8E4C-1761D936322C}"
EndProject
Project("{FAE04EC0-301F-11D3-BF4B-00C04F79EFBC}") = "Kurkin", "Algorithms\Kurkin\Kurkin.csproj", "{1D766F6A-D159-4963-8EC0-475AB3F3CE7D}"
EndProject
Project("{FAE04EC0-301F-11D3-BF4B-00C04F79EFBC}") = "Bazooka", "Tools\Bazooka\Bazooka.csproj", "{6E3AF4D3-F1F9-4726-9D23-D8F12459BDE6}"
EndProject
Project("{FAE04EC0-301F-11D3-BF4B-00C04F79EFBC}") = "CarboneProcessor", "Algorithms\CarboneProcessor\CarboneProcessor.csproj", "{2F110A05-BC92-48F2-A82F-33316B3620F5}"
EndProject
Project("{FAE04EC0-301F-11D3-BF4B-00C04F79EFBC}") = "WeigherReleaseEventSender", "Emulators\WeigherReleaseEventSender\WeigherReleaseEventSender.csproj", "{D479DA3D-B02A-42A5-AFC2-C8FBC6E84DA1}"
EndProject
Project("{FAE04EC0-301F-11D3-BF4B-00C04F79EFBC}") = "OPCEmu", "Emulators\DataProviders\OPCEmu\OPCEmu.csproj", "{AF7B7737-4867-48D7-BC16-1C80B5A61590}"
EndProject
Project("{FAE04EC0-301F-11D3-BF4B-00C04F79EFBC}") = "CarbonVisualizer", "DataReceivers\CarbonVisualizer\CarbonVisualizer.csproj", "{8558E28B-3E2E-4678-BA61-96723676E016}"
EndProject
Project("{FAE04EC0-301F-11D3-BF4B-00C04F79EFBC}") = "CoreTester", "Tools\CoreTester\CoreTester.csproj", "{2789BDEC-E91B-430E-8D7F-4CF0FBC85406}"
EndProject
Project("{FAE04EC0-301F-11D3-BF4B-00C04F79EFBC}") = "HeatDataVisualizer", "DataReceivers\HeatDataVisualizer\HeatDataVisualizer.csproj", "{2FDF3289-1DEB-422B-8D65-120E312C2FB7}"
EndProject
Project("{FAE04EC0-301F-11D3-BF4B-00C04F79EFBC}") = "CSVArchiver", "DataReceivers\CSVArchiver\CSVArchiver.csproj", "{C905D2E0-8FE6-43E4-B89B-22B25F82A00B}"
EndProject
Project("{FAE04EC0-301F-11D3-BF4B-00C04F79EFBC}") = "PipeCatcher", "DataProviders\PipeCatcher\PipeCatcher.csproj", "{5EBE0119-EEDB-49D5-86E5-9ECA79299B9B}"
EndProject
Project("{FAE04EC0-301F-11D3-BF4B-00C04F79EFBC}") = "DBWriterTT", "Tools\DBWriterTT\DBWriterTT\DBWriterTT.csproj", "{EFEE55C1-E185-42AF-B73C-672ED94AAD40}"
EndProject
Project("{FAE04EC0-301F-11D3-BF4B-00C04F79EFBC}") = "FlexEventSaver", "DataReceivers\FlexEventSaver\FlexEventSaver.csproj", "{59BD1A72-20AF-41B8-BCA2-C20AB2F7409B}"
EndProject
Project("{FAE04EC0-301F-11D3-BF4B-00C04F79EFBC}") = "TransferModelOutput", "Tools\TransferModelOutput\TransferModelOutput.csproj", "{3F407D13-B72E-4B9F-949B-2B4E7DF0E318}"
EndProject
Project("{FAE04EC0-301F-11D3-BF4B-00C04F79EFBC}") = "CSVArchPlayer", "Emulators\CSVArchPlayer\CSVArchPlayer.csproj", "{6964BBCE-7AFF-4833-BBCC-43B5FC601581}"
EndProject
Project("{FAE04EC0-301F-11D3-BF4B-00C04F79EFBC}") = "NeuralProcessorC", "Algorithms\NeuralProcessorC\NeuralProcessorC.csproj", "{34E918FE-AEE2-4F4E-B245-EB7ABAFBB5AB}"
EndProject
Project("{FAE04EC0-301F-11D3-BF4B-00C04F79EFBC}") = "OPCFlex", "DataProviders\OPCFlex\OPCFlex.csproj", "{B1A7BFD7-8919-4BA4-B9C1-CFDACCE08C82}"
EndProject
Project("{FAE04EC0-301F-11D3-BF4B-00C04F79EFBC}") = "SublanceGenerator", "Algorithms\SublanceGenerator\SublanceGenerator.csproj", "{A4924CDE-FFB5-41AC-913C-216B3A97478D}"
EndProject
Project("{FAE04EC0-301F-11D3-BF4B-00C04F79EFBC}") = "HeatInfo", "Tools\DataGathering\HeatInfo.csproj", "{888846F0-FC53-4700-965E-C3482B747EDD}"
EndProject
Project("{FAE04EC0-301F-11D3-BF4B-00C04F79EFBC}") = "SimpleRuner", "Tools\SimpleRuner\SimpleRuner.csproj", "{706F9612-F1CB-48D1-9EA0-9FB3A2D2F0B8}"
EndProject
Project("{FAE04EC0-301F-11D3-BF4B-00C04F79EFBC}") = "CorrectionCT", "Algorithms\CorrectionCT\CorrectionCT.csproj", "{30976A48-771B-464F-89A9-71554E48C8E4}"
EndProject
Project("{FAE04EC0-301F-11D3-BF4B-00C04F79EFBC}") = "Charge5", "Algorithms\Charge5\Charge5.csproj", "{B4EB7C95-B348-42BE-8B74-382C95135140}"
EndProject
Project("{FAE04EC0-301F-11D3-BF4B-00C04F79EFBC}") = "Charge5UI", "DataReceivers\Charge5UI\Charge5UI.csproj", "{7B2D11FC-A42D-4915-A604-7549B5DA2657}"
EndProject
Project("{FAE04EC0-301F-11D3-BF4B-00C04F79EFBC}") = "Charge5Classes", "Tools\Charge5Classes\Charge5Classes.csproj", "{9A803686-D843-4B7F-B6E5-624035283851}"
EndProject
Project("{FAE04EC0-301F-11D3-BF4B-00C04F79EFBC}") = "TransferModelBunkers", "Tools\TransferModelBunkers\TransferModelBunkers.csproj", "{1C10E4D8-642F-4ED3-8803-14BEB5E3AAA2}"
EndProject
Project("{FAE04EC0-301F-11D3-BF4B-00C04F79EFBC}") = "OffGasDecarbonater", "Algorithms\OffGasDecarbonater\OffGasDecarbonater.csproj", "{C67F3606-10E6-48B8-AF04-CA374BFEF913}"
EndProject
Project("{FAE04EC0-301F-11D3-BF4B-00C04F79EFBC}") = "SMFCarbon", "Algorithms\SMFCarbon\SMFCarbon.csproj", "{E0E30E37-8AE7-4250-A4D7-1D35B5AA382E}"
EndProject
Project("{FAE04EC0-301F-11D3-BF4B-00C04F79EFBC}") = "CarbonSwitcher", "Tools\CarbonSwitcher\CarbonSwitcher.csproj", "{B472C569-C21F-4592-8814-56936E71F053}"
EndProject
Project("{FAE04EC0-301F-11D3-BF4B-00C04F79EFBC}") = "AppNode", "Tools\AppNode\AppNode.csproj", "{B7DE0329-22C2-42F7-ABBE-93FEA8A6C148}"
EndProject
Project("{FAE04EC0-301F-11D3-BF4B-00C04F79EFBC}") = "HunterEvents", "Tools\HunterEvents\HunterEvents.csproj", "{CC770CDE-63C9-414D-9EFD-4B1DA3FBB6A4}"
EndProject
Project("{FAE04EC0-301F-11D3-BF4B-00C04F79EFBC}") = "OGDecarbonaterFine", "Algorithms\OGDecarbonaterFine\OGDecarbonaterFine.csproj", "{5BCA96A3-1728-4B96-B2EE-D7BFE7753B5E}"
EndProject
Project("{FAE04EC0-301F-11D3-BF4B-00C04F79EFBC}") = "CoreMeter", "Tools\CoreMeter\CoreMeter.csproj", "{47B1C93D-0A27-4EE0-8CC5-09C648148A26}"
EndProject
Project("{FAE04EC0-301F-11D3-BF4B-00C04F79EFBC}") = "EventsRedirector", "Tools\EventsRedirector\EventsRedirector.csproj", "{923A2B53-FF69-426C-91CE-8505DB2306DC}"
EndProject
Project("{2150E333-8FDC-42A3-9474-1A3956D46DE8}") = "PingUtils", "PingUtils", "{D3F68E40-CB5F-4B40-BFC3-F6CDA127C2D4}"
EndProject
Project("{FAE04EC0-301F-11D3-BF4B-00C04F79EFBC}") = "PingLib", "Tools\PingUtils\PingLib\PingLib.csproj", "{DCE78398-5DE8-4E6C-8A1D-E34A6198A1FF}"
EndProject
Project("{FAE04EC0-301F-11D3-BF4B-00C04F79EFBC}") = "Pinger", "Tools\PingUtils\Pinger\Pinger.csproj", "{797D99AF-E025-4F81-A488-DC555E74EABE}"
EndProject
Project("{FAE04EC0-301F-11D3-BF4B-00C04F79EFBC}") = "LOneProcessor", "Tools\LOneProcessor\LOneProcessor.csproj", "{8A7F7AEF-CAB8-44E6-8EB7-AC17F5176F21}"
EndProject
Project("{FAE04EC0-301F-11D3-BF4B-00C04F79EFBC}") = "DBFlex", "DataProviders\DBFlex\DBFlex.csproj", "{833CEFF7-96CA-4909-99E9-659120A4F196}"
EndProject
Project("{FAE04EC0-301F-11D3-BF4B-00C04F79EFBC}") = "CPlusProcessor", "Algorithms\CPlusProcessor\CPlusProcessor.csproj", "{7ABB84F4-9285-4070-9F44-CB9EE24DE078}"
EndProject
Project("{FAE04EC0-301F-11D3-BF4B-00C04F79EFBC}") = "UniversalCPlus", "Algorithms\UniversalCPlus\UniversalCPlus.csproj", "{AA660C72-FA0C-49B4-A559-64B6DB184559}"
EndProject
Global
	GlobalSection(SolutionConfigurationPlatforms) = preSolution
		Debug|Any CPU = Debug|Any CPU
		Debug|Mixed Platforms = Debug|Mixed Platforms
		Debug|x86 = Debug|x86
		Release|Any CPU = Release|Any CPU
		Release|Mixed Platforms = Release|Mixed Platforms
		Release|x86 = Release|x86
	EndGlobalSection
	GlobalSection(ProjectConfigurationPlatforms) = postSolution
		{6DB4D740-6562-4AB5-908E-31A19BB0191C}.Debug|Any CPU.ActiveCfg = Debug|x86
		{6DB4D740-6562-4AB5-908E-31A19BB0191C}.Debug|Mixed Platforms.ActiveCfg = Debug|x86
		{6DB4D740-6562-4AB5-908E-31A19BB0191C}.Debug|Mixed Platforms.Build.0 = Debug|x86
		{6DB4D740-6562-4AB5-908E-31A19BB0191C}.Debug|x86.ActiveCfg = Debug|x86
		{6DB4D740-6562-4AB5-908E-31A19BB0191C}.Debug|x86.Build.0 = Debug|x86
		{6DB4D740-6562-4AB5-908E-31A19BB0191C}.Release|Any CPU.ActiveCfg = Release|x86
		{6DB4D740-6562-4AB5-908E-31A19BB0191C}.Release|Mixed Platforms.ActiveCfg = Release|x86
		{6DB4D740-6562-4AB5-908E-31A19BB0191C}.Release|Mixed Platforms.Build.0 = Release|x86
		{6DB4D740-6562-4AB5-908E-31A19BB0191C}.Release|x86.ActiveCfg = Release|x86
		{6DB4D740-6562-4AB5-908E-31A19BB0191C}.Release|x86.Build.0 = Release|x86
		{0FA91088-3580-4088-B580-FAE138DEFF14}.Debug|Any CPU.ActiveCfg = Debug|Any CPU
		{0FA91088-3580-4088-B580-FAE138DEFF14}.Debug|Any CPU.Build.0 = Debug|Any CPU
		{0FA91088-3580-4088-B580-FAE138DEFF14}.Debug|Mixed Platforms.ActiveCfg = Debug|Any CPU
		{0FA91088-3580-4088-B580-FAE138DEFF14}.Debug|Mixed Platforms.Build.0 = Debug|Any CPU
		{0FA91088-3580-4088-B580-FAE138DEFF14}.Debug|x86.ActiveCfg = Debug|Any CPU
		{0FA91088-3580-4088-B580-FAE138DEFF14}.Debug|x86.Build.0 = Debug|Any CPU
		{0FA91088-3580-4088-B580-FAE138DEFF14}.Release|Any CPU.ActiveCfg = Release|Any CPU
		{0FA91088-3580-4088-B580-FAE138DEFF14}.Release|Any CPU.Build.0 = Release|Any CPU
		{0FA91088-3580-4088-B580-FAE138DEFF14}.Release|Mixed Platforms.ActiveCfg = Release|Any CPU
		{0FA91088-3580-4088-B580-FAE138DEFF14}.Release|Mixed Platforms.Build.0 = Release|Any CPU
		{0FA91088-3580-4088-B580-FAE138DEFF14}.Release|x86.ActiveCfg = Release|x86
		{BF71D7E8-589B-4742-8D9E-579275A5C236}.Debug|Any CPU.ActiveCfg = Debug|x86
		{BF71D7E8-589B-4742-8D9E-579275A5C236}.Debug|Mixed Platforms.ActiveCfg = Debug|x86
		{BF71D7E8-589B-4742-8D9E-579275A5C236}.Debug|Mixed Platforms.Build.0 = Debug|x86
		{BF71D7E8-589B-4742-8D9E-579275A5C236}.Debug|x86.ActiveCfg = Debug|x86
		{BF71D7E8-589B-4742-8D9E-579275A5C236}.Debug|x86.Build.0 = Debug|x86
		{BF71D7E8-589B-4742-8D9E-579275A5C236}.Release|Any CPU.ActiveCfg = Release|x86
		{BF71D7E8-589B-4742-8D9E-579275A5C236}.Release|Mixed Platforms.ActiveCfg = Release|x86
		{BF71D7E8-589B-4742-8D9E-579275A5C236}.Release|Mixed Platforms.Build.0 = Release|x86
		{BF71D7E8-589B-4742-8D9E-579275A5C236}.Release|x86.ActiveCfg = Release|x86
		{BF71D7E8-589B-4742-8D9E-579275A5C236}.Release|x86.Build.0 = Release|x86
		{7C355D60-FA05-4D1C-95A7-788AE37FC887}.Debug|Any CPU.ActiveCfg = Debug|x86
		{7C355D60-FA05-4D1C-95A7-788AE37FC887}.Debug|Mixed Platforms.ActiveCfg = Debug|x86
		{7C355D60-FA05-4D1C-95A7-788AE37FC887}.Debug|Mixed Platforms.Build.0 = Debug|x86
		{7C355D60-FA05-4D1C-95A7-788AE37FC887}.Debug|x86.ActiveCfg = Debug|x86
		{7C355D60-FA05-4D1C-95A7-788AE37FC887}.Debug|x86.Build.0 = Debug|x86
		{7C355D60-FA05-4D1C-95A7-788AE37FC887}.Release|Any CPU.ActiveCfg = Release|x86
		{7C355D60-FA05-4D1C-95A7-788AE37FC887}.Release|Mixed Platforms.ActiveCfg = Release|x86
		{7C355D60-FA05-4D1C-95A7-788AE37FC887}.Release|Mixed Platforms.Build.0 = Release|x86
		{7C355D60-FA05-4D1C-95A7-788AE37FC887}.Release|x86.ActiveCfg = Release|x86
		{7C355D60-FA05-4D1C-95A7-788AE37FC887}.Release|x86.Build.0 = Release|x86
		{42E40D80-605C-4B16-B65F-1B06256D80DA}.Debug|Any CPU.ActiveCfg = Debug|x86
		{42E40D80-605C-4B16-B65F-1B06256D80DA}.Debug|Mixed Platforms.ActiveCfg = Debug|x86
		{42E40D80-605C-4B16-B65F-1B06256D80DA}.Debug|Mixed Platforms.Build.0 = Debug|x86
		{42E40D80-605C-4B16-B65F-1B06256D80DA}.Debug|x86.ActiveCfg = Debug|x86
		{42E40D80-605C-4B16-B65F-1B06256D80DA}.Debug|x86.Build.0 = Debug|x86
		{42E40D80-605C-4B16-B65F-1B06256D80DA}.Release|Any CPU.ActiveCfg = Release|x86
		{42E40D80-605C-4B16-B65F-1B06256D80DA}.Release|Mixed Platforms.ActiveCfg = Release|x86
		{42E40D80-605C-4B16-B65F-1B06256D80DA}.Release|Mixed Platforms.Build.0 = Release|x86
		{42E40D80-605C-4B16-B65F-1B06256D80DA}.Release|x86.ActiveCfg = Release|x86
		{42E40D80-605C-4B16-B65F-1B06256D80DA}.Release|x86.Build.0 = Release|x86
		{DB6D9DBC-C09F-47F8-8908-3FEB8D580EB0}.Debug|Any CPU.ActiveCfg = Debug|x86
		{DB6D9DBC-C09F-47F8-8908-3FEB8D580EB0}.Debug|Mixed Platforms.ActiveCfg = Debug|x86
		{DB6D9DBC-C09F-47F8-8908-3FEB8D580EB0}.Debug|Mixed Platforms.Build.0 = Debug|x86
		{DB6D9DBC-C09F-47F8-8908-3FEB8D580EB0}.Debug|x86.ActiveCfg = Debug|x86
		{DB6D9DBC-C09F-47F8-8908-3FEB8D580EB0}.Debug|x86.Build.0 = Debug|x86
		{DB6D9DBC-C09F-47F8-8908-3FEB8D580EB0}.Release|Any CPU.ActiveCfg = Release|x86
		{DB6D9DBC-C09F-47F8-8908-3FEB8D580EB0}.Release|Mixed Platforms.ActiveCfg = Release|x86
		{DB6D9DBC-C09F-47F8-8908-3FEB8D580EB0}.Release|Mixed Platforms.Build.0 = Release|x86
		{DB6D9DBC-C09F-47F8-8908-3FEB8D580EB0}.Release|x86.ActiveCfg = Release|x86
		{DB6D9DBC-C09F-47F8-8908-3FEB8D580EB0}.Release|x86.Build.0 = Release|x86
		{5F6BB83A-7454-4568-8D75-E1258E7105AB}.Debug|Any CPU.ActiveCfg = Debug|x86
		{5F6BB83A-7454-4568-8D75-E1258E7105AB}.Debug|Mixed Platforms.ActiveCfg = Debug|x86
		{5F6BB83A-7454-4568-8D75-E1258E7105AB}.Debug|Mixed Platforms.Build.0 = Debug|x86
		{5F6BB83A-7454-4568-8D75-E1258E7105AB}.Debug|x86.ActiveCfg = Debug|x86
		{5F6BB83A-7454-4568-8D75-E1258E7105AB}.Debug|x86.Build.0 = Debug|x86
		{5F6BB83A-7454-4568-8D75-E1258E7105AB}.Release|Any CPU.ActiveCfg = Release|x86
		{5F6BB83A-7454-4568-8D75-E1258E7105AB}.Release|Mixed Platforms.ActiveCfg = Release|x86
		{5F6BB83A-7454-4568-8D75-E1258E7105AB}.Release|Mixed Platforms.Build.0 = Release|x86
		{5F6BB83A-7454-4568-8D75-E1258E7105AB}.Release|x86.ActiveCfg = Release|x86
		{5F6BB83A-7454-4568-8D75-E1258E7105AB}.Release|x86.Build.0 = Release|x86
		{61466A90-5F1F-447A-9851-FB5E877B22D2}.Debug|Any CPU.ActiveCfg = Debug|x86
		{61466A90-5F1F-447A-9851-FB5E877B22D2}.Debug|Mixed Platforms.ActiveCfg = Debug|x86
		{61466A90-5F1F-447A-9851-FB5E877B22D2}.Debug|Mixed Platforms.Build.0 = Debug|x86
		{61466A90-5F1F-447A-9851-FB5E877B22D2}.Debug|x86.ActiveCfg = Debug|x86
		{61466A90-5F1F-447A-9851-FB5E877B22D2}.Debug|x86.Build.0 = Debug|x86
		{61466A90-5F1F-447A-9851-FB5E877B22D2}.Release|Any CPU.ActiveCfg = Release|x86
		{61466A90-5F1F-447A-9851-FB5E877B22D2}.Release|Mixed Platforms.ActiveCfg = Release|x86
		{61466A90-5F1F-447A-9851-FB5E877B22D2}.Release|Mixed Platforms.Build.0 = Release|x86
		{61466A90-5F1F-447A-9851-FB5E877B22D2}.Release|x86.ActiveCfg = Release|x86
		{61466A90-5F1F-447A-9851-FB5E877B22D2}.Release|x86.Build.0 = Release|x86
		{E599B443-AFC9-49A7-9664-07F241DC007B}.Debug|Any CPU.ActiveCfg = Debug|x86
		{E599B443-AFC9-49A7-9664-07F241DC007B}.Debug|Mixed Platforms.ActiveCfg = Debug|x86
		{E599B443-AFC9-49A7-9664-07F241DC007B}.Debug|Mixed Platforms.Build.0 = Debug|x86
		{E599B443-AFC9-49A7-9664-07F241DC007B}.Debug|x86.ActiveCfg = Debug|x86
		{E599B443-AFC9-49A7-9664-07F241DC007B}.Debug|x86.Build.0 = Debug|x86
		{E599B443-AFC9-49A7-9664-07F241DC007B}.Release|Any CPU.ActiveCfg = Release|x86
		{E599B443-AFC9-49A7-9664-07F241DC007B}.Release|Mixed Platforms.ActiveCfg = Release|x86
		{E599B443-AFC9-49A7-9664-07F241DC007B}.Release|Mixed Platforms.Build.0 = Release|x86
		{E599B443-AFC9-49A7-9664-07F241DC007B}.Release|x86.ActiveCfg = Release|x86
		{E599B443-AFC9-49A7-9664-07F241DC007B}.Release|x86.Build.0 = Release|x86
		{3892C736-1FEE-4C1A-A355-3DA1BB288990}.Debug|Any CPU.ActiveCfg = Debug|x86
		{3892C736-1FEE-4C1A-A355-3DA1BB288990}.Debug|Mixed Platforms.ActiveCfg = Debug|x86
		{3892C736-1FEE-4C1A-A355-3DA1BB288990}.Debug|Mixed Platforms.Build.0 = Debug|x86
		{3892C736-1FEE-4C1A-A355-3DA1BB288990}.Debug|x86.ActiveCfg = Debug|x86
		{3892C736-1FEE-4C1A-A355-3DA1BB288990}.Debug|x86.Build.0 = Debug|x86
		{3892C736-1FEE-4C1A-A355-3DA1BB288990}.Release|Any CPU.ActiveCfg = Release|x86
		{3892C736-1FEE-4C1A-A355-3DA1BB288990}.Release|Mixed Platforms.ActiveCfg = Release|x86
		{3892C736-1FEE-4C1A-A355-3DA1BB288990}.Release|Mixed Platforms.Build.0 = Release|x86
		{3892C736-1FEE-4C1A-A355-3DA1BB288990}.Release|x86.ActiveCfg = Release|x86
		{3892C736-1FEE-4C1A-A355-3DA1BB288990}.Release|x86.Build.0 = Release|x86
		{D4322107-6A4C-49A0-A990-7350E1684CA6}.Debug|Any CPU.ActiveCfg = Debug|x86
		{D4322107-6A4C-49A0-A990-7350E1684CA6}.Debug|Mixed Platforms.ActiveCfg = Debug|x86
		{D4322107-6A4C-49A0-A990-7350E1684CA6}.Debug|Mixed Platforms.Build.0 = Debug|x86
		{D4322107-6A4C-49A0-A990-7350E1684CA6}.Debug|x86.ActiveCfg = Debug|x86
		{D4322107-6A4C-49A0-A990-7350E1684CA6}.Release|Any CPU.ActiveCfg = Release|x86
		{D4322107-6A4C-49A0-A990-7350E1684CA6}.Release|Mixed Platforms.ActiveCfg = Release|x86
		{D4322107-6A4C-49A0-A990-7350E1684CA6}.Release|Mixed Platforms.Build.0 = Release|x86
		{D4322107-6A4C-49A0-A990-7350E1684CA6}.Release|x86.ActiveCfg = Release|x86
		{D4322107-6A4C-49A0-A990-7350E1684CA6}.Release|x86.Build.0 = Release|x86
		{8D160559-4C4E-4F88-8931-F7FA2710882C}.Debug|Any CPU.ActiveCfg = Debug|x86
		{8D160559-4C4E-4F88-8931-F7FA2710882C}.Debug|Mixed Platforms.ActiveCfg = Debug|x86
		{8D160559-4C4E-4F88-8931-F7FA2710882C}.Debug|Mixed Platforms.Build.0 = Debug|x86
		{8D160559-4C4E-4F88-8931-F7FA2710882C}.Debug|x86.ActiveCfg = Debug|x86
		{8D160559-4C4E-4F88-8931-F7FA2710882C}.Release|Any CPU.ActiveCfg = Release|x86
		{8D160559-4C4E-4F88-8931-F7FA2710882C}.Release|Mixed Platforms.ActiveCfg = Release|x86
		{8D160559-4C4E-4F88-8931-F7FA2710882C}.Release|Mixed Platforms.Build.0 = Release|x86
		{8D160559-4C4E-4F88-8931-F7FA2710882C}.Release|x86.ActiveCfg = Release|x86
		{8D160559-4C4E-4F88-8931-F7FA2710882C}.Release|x86.Build.0 = Release|x86
		{EB403422-022F-4F16-B0EB-18511D431C6A}.Debug|Any CPU.ActiveCfg = Debug|x86
		{EB403422-022F-4F16-B0EB-18511D431C6A}.Debug|Mixed Platforms.ActiveCfg = Debug|x86
		{EB403422-022F-4F16-B0EB-18511D431C6A}.Debug|Mixed Platforms.Build.0 = Debug|x86
		{EB403422-022F-4F16-B0EB-18511D431C6A}.Debug|x86.ActiveCfg = Debug|x86
		{EB403422-022F-4F16-B0EB-18511D431C6A}.Release|Any CPU.ActiveCfg = Release|x86
		{EB403422-022F-4F16-B0EB-18511D431C6A}.Release|Mixed Platforms.ActiveCfg = Release|x86
		{EB403422-022F-4F16-B0EB-18511D431C6A}.Release|Mixed Platforms.Build.0 = Release|x86
		{EB403422-022F-4F16-B0EB-18511D431C6A}.Release|x86.ActiveCfg = Release|x86
		{EB403422-022F-4F16-B0EB-18511D431C6A}.Release|x86.Build.0 = Release|x86
		{6908AF06-DBFF-458F-9354-E8FD38F8C932}.Debug|Any CPU.ActiveCfg = Debug|x86
		{6908AF06-DBFF-458F-9354-E8FD38F8C932}.Debug|Mixed Platforms.ActiveCfg = Debug|x86
		{6908AF06-DBFF-458F-9354-E8FD38F8C932}.Debug|Mixed Platforms.Build.0 = Debug|x86
		{6908AF06-DBFF-458F-9354-E8FD38F8C932}.Debug|x86.ActiveCfg = Debug|x86
		{6908AF06-DBFF-458F-9354-E8FD38F8C932}.Debug|x86.Build.0 = Debug|x86
		{6908AF06-DBFF-458F-9354-E8FD38F8C932}.Release|Any CPU.ActiveCfg = Release|x86
		{6908AF06-DBFF-458F-9354-E8FD38F8C932}.Release|Mixed Platforms.ActiveCfg = Release|x86
		{6908AF06-DBFF-458F-9354-E8FD38F8C932}.Release|Mixed Platforms.Build.0 = Release|x86
		{6908AF06-DBFF-458F-9354-E8FD38F8C932}.Release|x86.ActiveCfg = Release|x86
		{6908AF06-DBFF-458F-9354-E8FD38F8C932}.Release|x86.Build.0 = Release|x86
		{06742978-338D-479E-936D-9D94EA97ED2B}.Debug|Any CPU.ActiveCfg = Debug|x86
		{06742978-338D-479E-936D-9D94EA97ED2B}.Debug|Mixed Platforms.ActiveCfg = Debug|x86
		{06742978-338D-479E-936D-9D94EA97ED2B}.Debug|Mixed Platforms.Build.0 = Debug|x86
		{06742978-338D-479E-936D-9D94EA97ED2B}.Debug|x86.ActiveCfg = Debug|x86
		{06742978-338D-479E-936D-9D94EA97ED2B}.Debug|x86.Build.0 = Debug|x86
		{06742978-338D-479E-936D-9D94EA97ED2B}.Release|Any CPU.ActiveCfg = Release|x86
		{06742978-338D-479E-936D-9D94EA97ED2B}.Release|Mixed Platforms.ActiveCfg = Release|x86
		{06742978-338D-479E-936D-9D94EA97ED2B}.Release|Mixed Platforms.Build.0 = Release|x86
		{06742978-338D-479E-936D-9D94EA97ED2B}.Release|x86.ActiveCfg = Release|x86
		{06742978-338D-479E-936D-9D94EA97ED2B}.Release|x86.Build.0 = Release|x86
		{0D72DFE0-3B2F-4ECD-9ACA-B20205D89713}.Debug|Any CPU.ActiveCfg = Debug|x86
		{0D72DFE0-3B2F-4ECD-9ACA-B20205D89713}.Debug|Mixed Platforms.ActiveCfg = Debug|x86
		{0D72DFE0-3B2F-4ECD-9ACA-B20205D89713}.Debug|Mixed Platforms.Build.0 = Debug|x86
		{0D72DFE0-3B2F-4ECD-9ACA-B20205D89713}.Debug|x86.ActiveCfg = Debug|x86
		{0D72DFE0-3B2F-4ECD-9ACA-B20205D89713}.Debug|x86.Build.0 = Debug|x86
		{0D72DFE0-3B2F-4ECD-9ACA-B20205D89713}.Release|Any CPU.ActiveCfg = Release|x86
		{0D72DFE0-3B2F-4ECD-9ACA-B20205D89713}.Release|Mixed Platforms.ActiveCfg = Release|x86
		{0D72DFE0-3B2F-4ECD-9ACA-B20205D89713}.Release|Mixed Platforms.Build.0 = Release|x86
		{0D72DFE0-3B2F-4ECD-9ACA-B20205D89713}.Release|x86.ActiveCfg = Release|x86
		{0D72DFE0-3B2F-4ECD-9ACA-B20205D89713}.Release|x86.Build.0 = Release|x86
		{0AC34459-3AEB-416A-BF1F-C22C6285363D}.Debug|Any CPU.ActiveCfg = Debug|x86
		{0AC34459-3AEB-416A-BF1F-C22C6285363D}.Debug|Mixed Platforms.ActiveCfg = Debug|x86
		{0AC34459-3AEB-416A-BF1F-C22C6285363D}.Debug|x86.ActiveCfg = Debug|x86
		{0AC34459-3AEB-416A-BF1F-C22C6285363D}.Release|Any CPU.ActiveCfg = Release|x86
		{0AC34459-3AEB-416A-BF1F-C22C6285363D}.Release|Mixed Platforms.ActiveCfg = Release|x86
		{0AC34459-3AEB-416A-BF1F-C22C6285363D}.Release|Mixed Platforms.Build.0 = Release|x86
		{0AC34459-3AEB-416A-BF1F-C22C6285363D}.Release|x86.ActiveCfg = Release|x86
		{0AC34459-3AEB-416A-BF1F-C22C6285363D}.Release|x86.Build.0 = Release|x86
		{72DB6C85-56F9-4A86-BD06-C49891CE2238}.Debug|Any CPU.ActiveCfg = Debug|x86
		{72DB6C85-56F9-4A86-BD06-C49891CE2238}.Debug|Mixed Platforms.ActiveCfg = Debug|x86
		{72DB6C85-56F9-4A86-BD06-C49891CE2238}.Debug|Mixed Platforms.Build.0 = Debug|x86
		{72DB6C85-56F9-4A86-BD06-C49891CE2238}.Debug|x86.ActiveCfg = Debug|x86
		{72DB6C85-56F9-4A86-BD06-C49891CE2238}.Debug|x86.Build.0 = Debug|x86
		{72DB6C85-56F9-4A86-BD06-C49891CE2238}.Release|Any CPU.ActiveCfg = Release|x86
		{72DB6C85-56F9-4A86-BD06-C49891CE2238}.Release|Mixed Platforms.ActiveCfg = Release|x86
		{72DB6C85-56F9-4A86-BD06-C49891CE2238}.Release|Mixed Platforms.Build.0 = Release|x86
		{72DB6C85-56F9-4A86-BD06-C49891CE2238}.Release|x86.ActiveCfg = Release|x86
		{72DB6C85-56F9-4A86-BD06-C49891CE2238}.Release|x86.Build.0 = Release|x86
		{06C3B8ED-32F7-48BA-A3E2-0EB33BD17C53}.Debug|Any CPU.ActiveCfg = Debug|x86
		{06C3B8ED-32F7-48BA-A3E2-0EB33BD17C53}.Debug|Mixed Platforms.ActiveCfg = Debug|x86
		{06C3B8ED-32F7-48BA-A3E2-0EB33BD17C53}.Debug|Mixed Platforms.Build.0 = Debug|x86
		{06C3B8ED-32F7-48BA-A3E2-0EB33BD17C53}.Debug|x86.ActiveCfg = Debug|x86
		{06C3B8ED-32F7-48BA-A3E2-0EB33BD17C53}.Release|Any CPU.ActiveCfg = Release|x86
		{06C3B8ED-32F7-48BA-A3E2-0EB33BD17C53}.Release|Mixed Platforms.ActiveCfg = Release|x86
		{06C3B8ED-32F7-48BA-A3E2-0EB33BD17C53}.Release|Mixed Platforms.Build.0 = Release|x86
		{06C3B8ED-32F7-48BA-A3E2-0EB33BD17C53}.Release|x86.ActiveCfg = Release|x86
		{06C3B8ED-32F7-48BA-A3E2-0EB33BD17C53}.Release|x86.Build.0 = Release|x86
		{AB4FF916-2ADA-4BF4-A7DB-CF834043140B}.Debug|Any CPU.ActiveCfg = Debug|x86
		{AB4FF916-2ADA-4BF4-A7DB-CF834043140B}.Debug|Mixed Platforms.ActiveCfg = Debug|x86
		{AB4FF916-2ADA-4BF4-A7DB-CF834043140B}.Debug|Mixed Platforms.Build.0 = Debug|x86
		{AB4FF916-2ADA-4BF4-A7DB-CF834043140B}.Debug|x86.ActiveCfg = Debug|x86
		{AB4FF916-2ADA-4BF4-A7DB-CF834043140B}.Debug|x86.Build.0 = Debug|x86
		{AB4FF916-2ADA-4BF4-A7DB-CF834043140B}.Release|Any CPU.ActiveCfg = Release|x86
		{AB4FF916-2ADA-4BF4-A7DB-CF834043140B}.Release|Mixed Platforms.ActiveCfg = Release|x86
		{AB4FF916-2ADA-4BF4-A7DB-CF834043140B}.Release|Mixed Platforms.Build.0 = Release|x86
		{AB4FF916-2ADA-4BF4-A7DB-CF834043140B}.Release|x86.ActiveCfg = Release|x86
		{AB4FF916-2ADA-4BF4-A7DB-CF834043140B}.Release|x86.Build.0 = Release|x86
		{FA7BF661-E768-4010-9854-24889594A66E}.Debug|Any CPU.ActiveCfg = Debug|x86
		{FA7BF661-E768-4010-9854-24889594A66E}.Debug|Mixed Platforms.ActiveCfg = Debug|x86
		{FA7BF661-E768-4010-9854-24889594A66E}.Debug|Mixed Platforms.Build.0 = Debug|x86
		{FA7BF661-E768-4010-9854-24889594A66E}.Debug|x86.ActiveCfg = Debug|x86
		{FA7BF661-E768-4010-9854-24889594A66E}.Debug|x86.Build.0 = Debug|x86
		{FA7BF661-E768-4010-9854-24889594A66E}.Release|Any CPU.ActiveCfg = Release|x86
		{FA7BF661-E768-4010-9854-24889594A66E}.Release|Mixed Platforms.ActiveCfg = Release|x86
		{FA7BF661-E768-4010-9854-24889594A66E}.Release|Mixed Platforms.Build.0 = Release|x86
		{FA7BF661-E768-4010-9854-24889594A66E}.Release|x86.ActiveCfg = Release|x86
		{FA7BF661-E768-4010-9854-24889594A66E}.Release|x86.Build.0 = Release|x86
		{08B58009-10A1-4C81-B07C-3CAFB5E80578}.Debug|Any CPU.ActiveCfg = Debug|x86
		{08B58009-10A1-4C81-B07C-3CAFB5E80578}.Debug|Mixed Platforms.ActiveCfg = Debug|x86
		{08B58009-10A1-4C81-B07C-3CAFB5E80578}.Debug|Mixed Platforms.Build.0 = Debug|x86
		{08B58009-10A1-4C81-B07C-3CAFB5E80578}.Debug|x86.ActiveCfg = Debug|x86
		{08B58009-10A1-4C81-B07C-3CAFB5E80578}.Debug|x86.Build.0 = Debug|x86
		{08B58009-10A1-4C81-B07C-3CAFB5E80578}.Release|Any CPU.ActiveCfg = Release|x86
		{08B58009-10A1-4C81-B07C-3CAFB5E80578}.Release|Mixed Platforms.ActiveCfg = Release|x86
		{08B58009-10A1-4C81-B07C-3CAFB5E80578}.Release|Mixed Platforms.Build.0 = Release|x86
		{08B58009-10A1-4C81-B07C-3CAFB5E80578}.Release|x86.ActiveCfg = Release|x86
		{08B58009-10A1-4C81-B07C-3CAFB5E80578}.Release|x86.Build.0 = Release|x86
		{978D795F-DC2A-45F0-99C5-F430436E48B0}.Debug|Any CPU.ActiveCfg = Debug|x86
		{978D795F-DC2A-45F0-99C5-F430436E48B0}.Debug|Mixed Platforms.ActiveCfg = Debug|x86
		{978D795F-DC2A-45F0-99C5-F430436E48B0}.Debug|Mixed Platforms.Build.0 = Debug|x86
		{978D795F-DC2A-45F0-99C5-F430436E48B0}.Debug|x86.ActiveCfg = Debug|x86
		{978D795F-DC2A-45F0-99C5-F430436E48B0}.Debug|x86.Build.0 = Debug|x86
		{978D795F-DC2A-45F0-99C5-F430436E48B0}.Release|Any CPU.ActiveCfg = Release|x86
		{978D795F-DC2A-45F0-99C5-F430436E48B0}.Release|Mixed Platforms.ActiveCfg = Release|x86
		{978D795F-DC2A-45F0-99C5-F430436E48B0}.Release|Mixed Platforms.Build.0 = Release|x86
		{978D795F-DC2A-45F0-99C5-F430436E48B0}.Release|x86.ActiveCfg = Release|x86
		{978D795F-DC2A-45F0-99C5-F430436E48B0}.Release|x86.Build.0 = Release|x86
		{A4F5FB33-6831-4AA8-88AB-4A0D2ACA41D4}.Debug|Any CPU.ActiveCfg = Debug|x86
		{A4F5FB33-6831-4AA8-88AB-4A0D2ACA41D4}.Debug|Mixed Platforms.ActiveCfg = Debug|x86
		{A4F5FB33-6831-4AA8-88AB-4A0D2ACA41D4}.Debug|Mixed Platforms.Build.0 = Debug|x86
		{A4F5FB33-6831-4AA8-88AB-4A0D2ACA41D4}.Debug|x86.ActiveCfg = Debug|x86
		{A4F5FB33-6831-4AA8-88AB-4A0D2ACA41D4}.Debug|x86.Build.0 = Debug|x86
		{A4F5FB33-6831-4AA8-88AB-4A0D2ACA41D4}.Release|Any CPU.ActiveCfg = Release|x86
		{A4F5FB33-6831-4AA8-88AB-4A0D2ACA41D4}.Release|Mixed Platforms.ActiveCfg = Release|x86
		{A4F5FB33-6831-4AA8-88AB-4A0D2ACA41D4}.Release|Mixed Platforms.Build.0 = Release|x86
		{A4F5FB33-6831-4AA8-88AB-4A0D2ACA41D4}.Release|x86.ActiveCfg = Release|x86
		{A4F5FB33-6831-4AA8-88AB-4A0D2ACA41D4}.Release|x86.Build.0 = Release|x86
		{33289197-F902-4C21-9705-3B0011D93575}.Debug|Any CPU.ActiveCfg = Debug|x86
		{33289197-F902-4C21-9705-3B0011D93575}.Debug|Mixed Platforms.ActiveCfg = Debug|x86
		{33289197-F902-4C21-9705-3B0011D93575}.Debug|Mixed Platforms.Build.0 = Debug|x86
		{33289197-F902-4C21-9705-3B0011D93575}.Debug|x86.ActiveCfg = Debug|x86
		{33289197-F902-4C21-9705-3B0011D93575}.Debug|x86.Build.0 = Debug|x86
		{33289197-F902-4C21-9705-3B0011D93575}.Release|Any CPU.ActiveCfg = Release|x86
		{33289197-F902-4C21-9705-3B0011D93575}.Release|Mixed Platforms.ActiveCfg = Release|x86
		{33289197-F902-4C21-9705-3B0011D93575}.Release|Mixed Platforms.Build.0 = Release|x86
		{33289197-F902-4C21-9705-3B0011D93575}.Release|x86.ActiveCfg = Release|x86
		{33289197-F902-4C21-9705-3B0011D93575}.Release|x86.Build.0 = Release|x86
		{6CCD1C2B-D2E9-454B-8490-B80C245633DB}.Debug|Any CPU.ActiveCfg = Debug|x86
		{6CCD1C2B-D2E9-454B-8490-B80C245633DB}.Debug|Mixed Platforms.ActiveCfg = Debug|x86
		{6CCD1C2B-D2E9-454B-8490-B80C245633DB}.Debug|Mixed Platforms.Build.0 = Debug|x86
		{6CCD1C2B-D2E9-454B-8490-B80C245633DB}.Debug|x86.ActiveCfg = Debug|x86
		{6CCD1C2B-D2E9-454B-8490-B80C245633DB}.Debug|x86.Build.0 = Debug|x86
		{6CCD1C2B-D2E9-454B-8490-B80C245633DB}.Release|Any CPU.ActiveCfg = Release|x86
		{6CCD1C2B-D2E9-454B-8490-B80C245633DB}.Release|Mixed Platforms.ActiveCfg = Release|x86
		{6CCD1C2B-D2E9-454B-8490-B80C245633DB}.Release|Mixed Platforms.Build.0 = Release|x86
		{6CCD1C2B-D2E9-454B-8490-B80C245633DB}.Release|x86.ActiveCfg = Release|x86
		{6CCD1C2B-D2E9-454B-8490-B80C245633DB}.Release|x86.Build.0 = Release|x86
		{A666AD62-F9EF-4F0A-B459-073F18986D6B}.Debug|Any CPU.ActiveCfg = Debug|Any CPU
		{A666AD62-F9EF-4F0A-B459-073F18986D6B}.Debug|Any CPU.Build.0 = Debug|Any CPU
		{A666AD62-F9EF-4F0A-B459-073F18986D6B}.Debug|Mixed Platforms.ActiveCfg = Debug|Any CPU
		{A666AD62-F9EF-4F0A-B459-073F18986D6B}.Debug|Mixed Platforms.Build.0 = Debug|Any CPU
		{A666AD62-F9EF-4F0A-B459-073F18986D6B}.Debug|x86.ActiveCfg = Debug|x86
		{A666AD62-F9EF-4F0A-B459-073F18986D6B}.Debug|x86.Build.0 = Debug|x86
		{A666AD62-F9EF-4F0A-B459-073F18986D6B}.Release|Any CPU.ActiveCfg = Release|Any CPU
		{A666AD62-F9EF-4F0A-B459-073F18986D6B}.Release|Any CPU.Build.0 = Release|Any CPU
		{A666AD62-F9EF-4F0A-B459-073F18986D6B}.Release|Mixed Platforms.ActiveCfg = Release|Any CPU
		{A666AD62-F9EF-4F0A-B459-073F18986D6B}.Release|Mixed Platforms.Build.0 = Release|Any CPU
		{A666AD62-F9EF-4F0A-B459-073F18986D6B}.Release|x86.ActiveCfg = Release|Any CPU
		{F34139B2-DE06-4E0A-B1B4-7EE9BA3644EF}.Debug|Any CPU.ActiveCfg = Debug|Any CPU
		{F34139B2-DE06-4E0A-B1B4-7EE9BA3644EF}.Debug|Any CPU.Build.0 = Debug|Any CPU
		{F34139B2-DE06-4E0A-B1B4-7EE9BA3644EF}.Debug|Mixed Platforms.ActiveCfg = Debug|Any CPU
		{F34139B2-DE06-4E0A-B1B4-7EE9BA3644EF}.Debug|Mixed Platforms.Build.0 = Debug|Any CPU
		{F34139B2-DE06-4E0A-B1B4-7EE9BA3644EF}.Debug|x86.ActiveCfg = Debug|x86
		{F34139B2-DE06-4E0A-B1B4-7EE9BA3644EF}.Debug|x86.Build.0 = Debug|x86
		{F34139B2-DE06-4E0A-B1B4-7EE9BA3644EF}.Release|Any CPU.ActiveCfg = Release|Any CPU
		{F34139B2-DE06-4E0A-B1B4-7EE9BA3644EF}.Release|Any CPU.Build.0 = Release|Any CPU
		{F34139B2-DE06-4E0A-B1B4-7EE9BA3644EF}.Release|Mixed Platforms.ActiveCfg = Release|Any CPU
		{F34139B2-DE06-4E0A-B1B4-7EE9BA3644EF}.Release|Mixed Platforms.Build.0 = Release|Any CPU
		{F34139B2-DE06-4E0A-B1B4-7EE9BA3644EF}.Release|x86.ActiveCfg = Release|Any CPU
		{9A466CB7-910B-4F26-B7EE-89CC70337C61}.Debug|Any CPU.ActiveCfg = Debug|x86
		{9A466CB7-910B-4F26-B7EE-89CC70337C61}.Debug|Mixed Platforms.ActiveCfg = Debug|x86
		{9A466CB7-910B-4F26-B7EE-89CC70337C61}.Debug|Mixed Platforms.Build.0 = Debug|x86
		{9A466CB7-910B-4F26-B7EE-89CC70337C61}.Debug|x86.ActiveCfg = Debug|x86
		{9A466CB7-910B-4F26-B7EE-89CC70337C61}.Debug|x86.Build.0 = Debug|x86
		{9A466CB7-910B-4F26-B7EE-89CC70337C61}.Release|Any CPU.ActiveCfg = Release|x86
		{9A466CB7-910B-4F26-B7EE-89CC70337C61}.Release|Mixed Platforms.ActiveCfg = Release|x86
		{9A466CB7-910B-4F26-B7EE-89CC70337C61}.Release|Mixed Platforms.Build.0 = Release|x86
		{9A466CB7-910B-4F26-B7EE-89CC70337C61}.Release|x86.ActiveCfg = Release|x86
		{9A466CB7-910B-4F26-B7EE-89CC70337C61}.Release|x86.Build.0 = Release|x86
		{AA39F825-C5F6-43AE-8DE8-9BA60C7AAEE1}.Debug|Any CPU.ActiveCfg = Debug|x86
		{AA39F825-C5F6-43AE-8DE8-9BA60C7AAEE1}.Debug|Mixed Platforms.ActiveCfg = Debug|x86
		{AA39F825-C5F6-43AE-8DE8-9BA60C7AAEE1}.Debug|Mixed Platforms.Build.0 = Debug|x86
		{AA39F825-C5F6-43AE-8DE8-9BA60C7AAEE1}.Debug|x86.ActiveCfg = Debug|x86
		{AA39F825-C5F6-43AE-8DE8-9BA60C7AAEE1}.Debug|x86.Build.0 = Debug|x86
		{AA39F825-C5F6-43AE-8DE8-9BA60C7AAEE1}.Release|Any CPU.ActiveCfg = Release|x86
		{AA39F825-C5F6-43AE-8DE8-9BA60C7AAEE1}.Release|Mixed Platforms.ActiveCfg = Release|x86
		{AA39F825-C5F6-43AE-8DE8-9BA60C7AAEE1}.Release|Mixed Platforms.Build.0 = Release|x86
		{AA39F825-C5F6-43AE-8DE8-9BA60C7AAEE1}.Release|x86.ActiveCfg = Release|x86
		{AA39F825-C5F6-43AE-8DE8-9BA60C7AAEE1}.Release|x86.Build.0 = Release|x86
		{3876C073-B861-4851-BFE6-ACC0095978F9}.Debug|Any CPU.ActiveCfg = Debug|x86
		{3876C073-B861-4851-BFE6-ACC0095978F9}.Debug|Mixed Platforms.ActiveCfg = Debug|x86
		{3876C073-B861-4851-BFE6-ACC0095978F9}.Debug|x86.ActiveCfg = Debug|x86
		{3876C073-B861-4851-BFE6-ACC0095978F9}.Debug|x86.Build.0 = Debug|x86
		{3876C073-B861-4851-BFE6-ACC0095978F9}.Release|Any CPU.ActiveCfg = Release|x86
		{3876C073-B861-4851-BFE6-ACC0095978F9}.Release|Mixed Platforms.ActiveCfg = Release|x86
		{3876C073-B861-4851-BFE6-ACC0095978F9}.Release|Mixed Platforms.Build.0 = Release|x86
		{3876C073-B861-4851-BFE6-ACC0095978F9}.Release|x86.ActiveCfg = Release|x86
		{3876C073-B861-4851-BFE6-ACC0095978F9}.Release|x86.Build.0 = Release|x86
		{F77443A7-0C3C-45F1-9223-1624B3B66495}.Debug|Any CPU.ActiveCfg = Debug|Any CPU
		{F77443A7-0C3C-45F1-9223-1624B3B66495}.Debug|Any CPU.Build.0 = Debug|Any CPU
		{F77443A7-0C3C-45F1-9223-1624B3B66495}.Debug|Mixed Platforms.ActiveCfg = Debug|Any CPU
		{F77443A7-0C3C-45F1-9223-1624B3B66495}.Debug|Mixed Platforms.Build.0 = Debug|Any CPU
		{F77443A7-0C3C-45F1-9223-1624B3B66495}.Debug|x86.ActiveCfg = Debug|x86
		{F77443A7-0C3C-45F1-9223-1624B3B66495}.Debug|x86.Build.0 = Debug|x86
		{F77443A7-0C3C-45F1-9223-1624B3B66495}.Release|Any CPU.ActiveCfg = Release|Any CPU
		{F77443A7-0C3C-45F1-9223-1624B3B66495}.Release|Any CPU.Build.0 = Release|Any CPU
		{F77443A7-0C3C-45F1-9223-1624B3B66495}.Release|Mixed Platforms.ActiveCfg = Release|Any CPU
		{F77443A7-0C3C-45F1-9223-1624B3B66495}.Release|Mixed Platforms.Build.0 = Release|Any CPU
		{F77443A7-0C3C-45F1-9223-1624B3B66495}.Release|x86.ActiveCfg = Release|Any CPU
		{EC4CED4D-611E-4B73-BF8D-E7309F336504}.Debug|Any CPU.ActiveCfg = Debug|x86
		{EC4CED4D-611E-4B73-BF8D-E7309F336504}.Debug|Mixed Platforms.ActiveCfg = Debug|x86
		{EC4CED4D-611E-4B73-BF8D-E7309F336504}.Debug|Mixed Platforms.Build.0 = Debug|x86
		{EC4CED4D-611E-4B73-BF8D-E7309F336504}.Debug|x86.ActiveCfg = Debug|x86
		{EC4CED4D-611E-4B73-BF8D-E7309F336504}.Debug|x86.Build.0 = Debug|x86
		{EC4CED4D-611E-4B73-BF8D-E7309F336504}.Release|Any CPU.ActiveCfg = Release|x86
		{EC4CED4D-611E-4B73-BF8D-E7309F336504}.Release|Mixed Platforms.ActiveCfg = Release|x86
		{EC4CED4D-611E-4B73-BF8D-E7309F336504}.Release|Mixed Platforms.Build.0 = Release|x86
		{EC4CED4D-611E-4B73-BF8D-E7309F336504}.Release|x86.ActiveCfg = Release|x86
		{EC4CED4D-611E-4B73-BF8D-E7309F336504}.Release|x86.Build.0 = Release|x86
		{09E6D6C2-48E9-4FCE-9A4E-F3E2C8D39FB9}.Debug|Any CPU.ActiveCfg = Debug|x86
		{09E6D6C2-48E9-4FCE-9A4E-F3E2C8D39FB9}.Debug|Mixed Platforms.ActiveCfg = Debug|x86
		{09E6D6C2-48E9-4FCE-9A4E-F3E2C8D39FB9}.Debug|Mixed Platforms.Build.0 = Debug|x86
		{09E6D6C2-48E9-4FCE-9A4E-F3E2C8D39FB9}.Debug|x86.ActiveCfg = Debug|x86
		{09E6D6C2-48E9-4FCE-9A4E-F3E2C8D39FB9}.Debug|x86.Build.0 = Debug|x86
		{09E6D6C2-48E9-4FCE-9A4E-F3E2C8D39FB9}.Release|Any CPU.ActiveCfg = Release|x86
		{09E6D6C2-48E9-4FCE-9A4E-F3E2C8D39FB9}.Release|Mixed Platforms.ActiveCfg = Release|x86
		{09E6D6C2-48E9-4FCE-9A4E-F3E2C8D39FB9}.Release|Mixed Platforms.Build.0 = Release|x86
		{09E6D6C2-48E9-4FCE-9A4E-F3E2C8D39FB9}.Release|x86.ActiveCfg = Release|x86
		{09E6D6C2-48E9-4FCE-9A4E-F3E2C8D39FB9}.Release|x86.Build.0 = Release|x86
		{33865A01-8B94-4D44-A1CC-A375357C80A7}.Debug|Any CPU.ActiveCfg = Debug|x86
		{33865A01-8B94-4D44-A1CC-A375357C80A7}.Debug|Mixed Platforms.ActiveCfg = Debug|x86
		{33865A01-8B94-4D44-A1CC-A375357C80A7}.Debug|Mixed Platforms.Build.0 = Debug|x86
		{33865A01-8B94-4D44-A1CC-A375357C80A7}.Debug|x86.ActiveCfg = Debug|x86
		{33865A01-8B94-4D44-A1CC-A375357C80A7}.Debug|x86.Build.0 = Debug|x86
		{33865A01-8B94-4D44-A1CC-A375357C80A7}.Release|Any CPU.ActiveCfg = Release|x86
		{33865A01-8B94-4D44-A1CC-A375357C80A7}.Release|Mixed Platforms.ActiveCfg = Release|x86
		{33865A01-8B94-4D44-A1CC-A375357C80A7}.Release|Mixed Platforms.Build.0 = Release|x86
		{33865A01-8B94-4D44-A1CC-A375357C80A7}.Release|x86.ActiveCfg = Release|x86
		{33865A01-8B94-4D44-A1CC-A375357C80A7}.Release|x86.Build.0 = Release|x86
		{2C65ED94-2653-4084-B99D-43BC15C134BA}.Debug|Any CPU.ActiveCfg = Debug|x86
		{2C65ED94-2653-4084-B99D-43BC15C134BA}.Debug|Mixed Platforms.ActiveCfg = Debug|x86
		{2C65ED94-2653-4084-B99D-43BC15C134BA}.Debug|Mixed Platforms.Build.0 = Debug|x86
		{2C65ED94-2653-4084-B99D-43BC15C134BA}.Debug|x86.ActiveCfg = Debug|x86
		{2C65ED94-2653-4084-B99D-43BC15C134BA}.Release|Any CPU.ActiveCfg = Release|x86
		{2C65ED94-2653-4084-B99D-43BC15C134BA}.Release|Mixed Platforms.ActiveCfg = Release|x86
		{2C65ED94-2653-4084-B99D-43BC15C134BA}.Release|Mixed Platforms.Build.0 = Release|x86
		{2C65ED94-2653-4084-B99D-43BC15C134BA}.Release|x86.ActiveCfg = Release|x86
		{2C65ED94-2653-4084-B99D-43BC15C134BA}.Release|x86.Build.0 = Release|x86
		{E4A69E91-0947-438C-8E4C-1761D936322C}.Debug|Any CPU.ActiveCfg = Debug|x86
		{E4A69E91-0947-438C-8E4C-1761D936322C}.Debug|Mixed Platforms.ActiveCfg = Debug|x86
		{E4A69E91-0947-438C-8E4C-1761D936322C}.Debug|Mixed Platforms.Build.0 = Debug|x86
		{E4A69E91-0947-438C-8E4C-1761D936322C}.Debug|x86.ActiveCfg = Debug|x86
		{E4A69E91-0947-438C-8E4C-1761D936322C}.Debug|x86.Build.0 = Debug|x86
		{E4A69E91-0947-438C-8E4C-1761D936322C}.Release|Any CPU.ActiveCfg = Release|x86
		{E4A69E91-0947-438C-8E4C-1761D936322C}.Release|Mixed Platforms.ActiveCfg = Release|x86
		{E4A69E91-0947-438C-8E4C-1761D936322C}.Release|Mixed Platforms.Build.0 = Release|x86
		{E4A69E91-0947-438C-8E4C-1761D936322C}.Release|x86.ActiveCfg = Release|x86
		{E4A69E91-0947-438C-8E4C-1761D936322C}.Release|x86.Build.0 = Release|x86
		{1D766F6A-D159-4963-8EC0-475AB3F3CE7D}.Debug|Any CPU.ActiveCfg = Debug|x86
		{1D766F6A-D159-4963-8EC0-475AB3F3CE7D}.Debug|Mixed Platforms.ActiveCfg = Debug|x86
		{1D766F6A-D159-4963-8EC0-475AB3F3CE7D}.Debug|Mixed Platforms.Build.0 = Debug|x86
		{1D766F6A-D159-4963-8EC0-475AB3F3CE7D}.Debug|x86.ActiveCfg = Debug|x86
		{1D766F6A-D159-4963-8EC0-475AB3F3CE7D}.Debug|x86.Build.0 = Debug|x86
		{1D766F6A-D159-4963-8EC0-475AB3F3CE7D}.Release|Any CPU.ActiveCfg = Release|x86
		{1D766F6A-D159-4963-8EC0-475AB3F3CE7D}.Release|Mixed Platforms.ActiveCfg = Release|x86
		{1D766F6A-D159-4963-8EC0-475AB3F3CE7D}.Release|Mixed Platforms.Build.0 = Release|x86
		{1D766F6A-D159-4963-8EC0-475AB3F3CE7D}.Release|x86.ActiveCfg = Release|x86
		{1D766F6A-D159-4963-8EC0-475AB3F3CE7D}.Release|x86.Build.0 = Release|x86
		{6E3AF4D3-F1F9-4726-9D23-D8F12459BDE6}.Debug|Any CPU.ActiveCfg = Debug|x86
		{6E3AF4D3-F1F9-4726-9D23-D8F12459BDE6}.Debug|Mixed Platforms.ActiveCfg = Debug|x86
		{6E3AF4D3-F1F9-4726-9D23-D8F12459BDE6}.Debug|Mixed Platforms.Build.0 = Debug|x86
		{6E3AF4D3-F1F9-4726-9D23-D8F12459BDE6}.Debug|x86.ActiveCfg = Debug|x86
		{6E3AF4D3-F1F9-4726-9D23-D8F12459BDE6}.Debug|x86.Build.0 = Debug|x86
		{6E3AF4D3-F1F9-4726-9D23-D8F12459BDE6}.Release|Any CPU.ActiveCfg = Release|x86
		{6E3AF4D3-F1F9-4726-9D23-D8F12459BDE6}.Release|Mixed Platforms.ActiveCfg = Release|x86
		{6E3AF4D3-F1F9-4726-9D23-D8F12459BDE6}.Release|Mixed Platforms.Build.0 = Release|x86
		{6E3AF4D3-F1F9-4726-9D23-D8F12459BDE6}.Release|x86.ActiveCfg = Release|x86
		{6E3AF4D3-F1F9-4726-9D23-D8F12459BDE6}.Release|x86.Build.0 = Release|x86
		{2F110A05-BC92-48F2-A82F-33316B3620F5}.Debug|Any CPU.ActiveCfg = Debug|x86
		{2F110A05-BC92-48F2-A82F-33316B3620F5}.Debug|Mixed Platforms.ActiveCfg = Debug|x86
		{2F110A05-BC92-48F2-A82F-33316B3620F5}.Debug|Mixed Platforms.Build.0 = Debug|x86
		{2F110A05-BC92-48F2-A82F-33316B3620F5}.Debug|x86.ActiveCfg = Debug|x86
		{2F110A05-BC92-48F2-A82F-33316B3620F5}.Debug|x86.Build.0 = Debug|x86
		{2F110A05-BC92-48F2-A82F-33316B3620F5}.Release|Any CPU.ActiveCfg = Release|x86
		{2F110A05-BC92-48F2-A82F-33316B3620F5}.Release|Mixed Platforms.ActiveCfg = Release|x86
		{2F110A05-BC92-48F2-A82F-33316B3620F5}.Release|Mixed Platforms.Build.0 = Release|x86
		{2F110A05-BC92-48F2-A82F-33316B3620F5}.Release|x86.ActiveCfg = Release|x86
		{2F110A05-BC92-48F2-A82F-33316B3620F5}.Release|x86.Build.0 = Release|x86
		{D479DA3D-B02A-42A5-AFC2-C8FBC6E84DA1}.Debug|Any CPU.ActiveCfg = Debug|x86
		{D479DA3D-B02A-42A5-AFC2-C8FBC6E84DA1}.Debug|Mixed Platforms.ActiveCfg = Debug|x86
		{D479DA3D-B02A-42A5-AFC2-C8FBC6E84DA1}.Debug|Mixed Platforms.Build.0 = Debug|x86
		{D479DA3D-B02A-42A5-AFC2-C8FBC6E84DA1}.Debug|x86.ActiveCfg = Debug|x86
		{D479DA3D-B02A-42A5-AFC2-C8FBC6E84DA1}.Debug|x86.Build.0 = Debug|x86
		{D479DA3D-B02A-42A5-AFC2-C8FBC6E84DA1}.Release|Any CPU.ActiveCfg = Release|x86
		{D479DA3D-B02A-42A5-AFC2-C8FBC6E84DA1}.Release|Mixed Platforms.ActiveCfg = Release|x86
		{D479DA3D-B02A-42A5-AFC2-C8FBC6E84DA1}.Release|Mixed Platforms.Build.0 = Release|x86
		{D479DA3D-B02A-42A5-AFC2-C8FBC6E84DA1}.Release|x86.ActiveCfg = Release|x86
		{D479DA3D-B02A-42A5-AFC2-C8FBC6E84DA1}.Release|x86.Build.0 = Release|x86
		{AF7B7737-4867-48D7-BC16-1C80B5A61590}.Debug|Any CPU.ActiveCfg = Debug|Any CPU
		{AF7B7737-4867-48D7-BC16-1C80B5A61590}.Debug|Any CPU.Build.0 = Debug|Any CPU
		{AF7B7737-4867-48D7-BC16-1C80B5A61590}.Debug|Mixed Platforms.ActiveCfg = Debug|Any CPU
		{AF7B7737-4867-48D7-BC16-1C80B5A61590}.Debug|Mixed Platforms.Build.0 = Debug|Any CPU
		{AF7B7737-4867-48D7-BC16-1C80B5A61590}.Debug|x86.ActiveCfg = Debug|Any CPU
		{AF7B7737-4867-48D7-BC16-1C80B5A61590}.Release|Any CPU.ActiveCfg = Release|Any CPU
		{AF7B7737-4867-48D7-BC16-1C80B5A61590}.Release|Any CPU.Build.0 = Release|Any CPU
		{AF7B7737-4867-48D7-BC16-1C80B5A61590}.Release|Mixed Platforms.ActiveCfg = Release|Any CPU
		{AF7B7737-4867-48D7-BC16-1C80B5A61590}.Release|Mixed Platforms.Build.0 = Release|Any CPU
		{AF7B7737-4867-48D7-BC16-1C80B5A61590}.Release|x86.ActiveCfg = Release|Any CPU
		{8558E28B-3E2E-4678-BA61-96723676E016}.Debug|Any CPU.ActiveCfg = Debug|x86
		{8558E28B-3E2E-4678-BA61-96723676E016}.Debug|Mixed Platforms.ActiveCfg = Debug|x86
		{8558E28B-3E2E-4678-BA61-96723676E016}.Debug|Mixed Platforms.Build.0 = Debug|x86
		{8558E28B-3E2E-4678-BA61-96723676E016}.Debug|x86.ActiveCfg = Debug|x86
		{8558E28B-3E2E-4678-BA61-96723676E016}.Debug|x86.Build.0 = Debug|x86
		{8558E28B-3E2E-4678-BA61-96723676E016}.Release|Any CPU.ActiveCfg = Release|x86
		{8558E28B-3E2E-4678-BA61-96723676E016}.Release|Mixed Platforms.ActiveCfg = Release|x86
		{8558E28B-3E2E-4678-BA61-96723676E016}.Release|Mixed Platforms.Build.0 = Release|x86
		{8558E28B-3E2E-4678-BA61-96723676E016}.Release|x86.ActiveCfg = Release|x86
		{8558E28B-3E2E-4678-BA61-96723676E016}.Release|x86.Build.0 = Release|x86
		{2789BDEC-E91B-430E-8D7F-4CF0FBC85406}.Debug|Any CPU.ActiveCfg = Debug|x86
		{2789BDEC-E91B-430E-8D7F-4CF0FBC85406}.Debug|Mixed Platforms.ActiveCfg = Debug|x86
		{2789BDEC-E91B-430E-8D7F-4CF0FBC85406}.Debug|Mixed Platforms.Build.0 = Debug|x86
		{2789BDEC-E91B-430E-8D7F-4CF0FBC85406}.Debug|x86.ActiveCfg = Debug|x86
		{2789BDEC-E91B-430E-8D7F-4CF0FBC85406}.Debug|x86.Build.0 = Debug|x86
		{2789BDEC-E91B-430E-8D7F-4CF0FBC85406}.Release|Any CPU.ActiveCfg = Release|x86
		{2789BDEC-E91B-430E-8D7F-4CF0FBC85406}.Release|Mixed Platforms.ActiveCfg = Release|x86
		{2789BDEC-E91B-430E-8D7F-4CF0FBC85406}.Release|Mixed Platforms.Build.0 = Release|x86
		{2789BDEC-E91B-430E-8D7F-4CF0FBC85406}.Release|x86.ActiveCfg = Release|x86
		{2789BDEC-E91B-430E-8D7F-4CF0FBC85406}.Release|x86.Build.0 = Release|x86
		{2FDF3289-1DEB-422B-8D65-120E312C2FB7}.Debug|Any CPU.ActiveCfg = Debug|x86
		{2FDF3289-1DEB-422B-8D65-120E312C2FB7}.Debug|Mixed Platforms.ActiveCfg = Debug|x86
		{2FDF3289-1DEB-422B-8D65-120E312C2FB7}.Debug|Mixed Platforms.Build.0 = Debug|x86
		{2FDF3289-1DEB-422B-8D65-120E312C2FB7}.Debug|x86.ActiveCfg = Debug|x86
		{2FDF3289-1DEB-422B-8D65-120E312C2FB7}.Debug|x86.Build.0 = Debug|x86
		{2FDF3289-1DEB-422B-8D65-120E312C2FB7}.Release|Any CPU.ActiveCfg = Release|x86
		{2FDF3289-1DEB-422B-8D65-120E312C2FB7}.Release|Mixed Platforms.ActiveCfg = Release|x86
		{2FDF3289-1DEB-422B-8D65-120E312C2FB7}.Release|Mixed Platforms.Build.0 = Release|x86
		{2FDF3289-1DEB-422B-8D65-120E312C2FB7}.Release|x86.ActiveCfg = Release|x86
		{2FDF3289-1DEB-422B-8D65-120E312C2FB7}.Release|x86.Build.0 = Release|x86
		{C905D2E0-8FE6-43E4-B89B-22B25F82A00B}.Debug|Any CPU.ActiveCfg = Debug|x86
		{C905D2E0-8FE6-43E4-B89B-22B25F82A00B}.Debug|Mixed Platforms.ActiveCfg = Debug|x86
		{C905D2E0-8FE6-43E4-B89B-22B25F82A00B}.Debug|Mixed Platforms.Build.0 = Debug|x86
		{C905D2E0-8FE6-43E4-B89B-22B25F82A00B}.Debug|x86.ActiveCfg = Debug|x86
		{C905D2E0-8FE6-43E4-B89B-22B25F82A00B}.Debug|x86.Build.0 = Debug|x86
		{C905D2E0-8FE6-43E4-B89B-22B25F82A00B}.Release|Any CPU.ActiveCfg = Release|x86
		{C905D2E0-8FE6-43E4-B89B-22B25F82A00B}.Release|Mixed Platforms.ActiveCfg = Release|x86
		{C905D2E0-8FE6-43E4-B89B-22B25F82A00B}.Release|Mixed Platforms.Build.0 = Release|x86
		{C905D2E0-8FE6-43E4-B89B-22B25F82A00B}.Release|x86.ActiveCfg = Release|x86
		{C905D2E0-8FE6-43E4-B89B-22B25F82A00B}.Release|x86.Build.0 = Release|x86
		{5EBE0119-EEDB-49D5-86E5-9ECA79299B9B}.Debug|Any CPU.ActiveCfg = Debug|x86
		{5EBE0119-EEDB-49D5-86E5-9ECA79299B9B}.Debug|Mixed Platforms.ActiveCfg = Debug|x86
		{5EBE0119-EEDB-49D5-86E5-9ECA79299B9B}.Debug|Mixed Platforms.Build.0 = Debug|x86
		{5EBE0119-EEDB-49D5-86E5-9ECA79299B9B}.Debug|x86.ActiveCfg = Debug|x86
		{5EBE0119-EEDB-49D5-86E5-9ECA79299B9B}.Debug|x86.Build.0 = Debug|x86
		{5EBE0119-EEDB-49D5-86E5-9ECA79299B9B}.Release|Any CPU.ActiveCfg = Release|x86
		{5EBE0119-EEDB-49D5-86E5-9ECA79299B9B}.Release|Mixed Platforms.ActiveCfg = Release|x86
		{5EBE0119-EEDB-49D5-86E5-9ECA79299B9B}.Release|Mixed Platforms.Build.0 = Release|x86
		{5EBE0119-EEDB-49D5-86E5-9ECA79299B9B}.Release|x86.ActiveCfg = Release|x86
		{5EBE0119-EEDB-49D5-86E5-9ECA79299B9B}.Release|x86.Build.0 = Release|x86
		{EFEE55C1-E185-42AF-B73C-672ED94AAD40}.Debug|Any CPU.ActiveCfg = Debug|x86
		{EFEE55C1-E185-42AF-B73C-672ED94AAD40}.Debug|Mixed Platforms.ActiveCfg = Debug|x86
		{EFEE55C1-E185-42AF-B73C-672ED94AAD40}.Debug|Mixed Platforms.Build.0 = Debug|x86
		{EFEE55C1-E185-42AF-B73C-672ED94AAD40}.Debug|x86.ActiveCfg = Debug|x86
		{EFEE55C1-E185-42AF-B73C-672ED94AAD40}.Debug|x86.Build.0 = Debug|x86
		{EFEE55C1-E185-42AF-B73C-672ED94AAD40}.Release|Any CPU.ActiveCfg = Release|x86
		{EFEE55C1-E185-42AF-B73C-672ED94AAD40}.Release|Mixed Platforms.ActiveCfg = Release|x86
		{EFEE55C1-E185-42AF-B73C-672ED94AAD40}.Release|Mixed Platforms.Build.0 = Release|x86
		{EFEE55C1-E185-42AF-B73C-672ED94AAD40}.Release|x86.ActiveCfg = Release|x86
		{EFEE55C1-E185-42AF-B73C-672ED94AAD40}.Release|x86.Build.0 = Release|x86
		{59BD1A72-20AF-41B8-BCA2-C20AB2F7409B}.Debug|Any CPU.ActiveCfg = Debug|x86
		{59BD1A72-20AF-41B8-BCA2-C20AB2F7409B}.Debug|Mixed Platforms.ActiveCfg = Debug|x86
		{59BD1A72-20AF-41B8-BCA2-C20AB2F7409B}.Debug|Mixed Platforms.Build.0 = Debug|x86
		{59BD1A72-20AF-41B8-BCA2-C20AB2F7409B}.Debug|x86.ActiveCfg = Debug|x86
		{59BD1A72-20AF-41B8-BCA2-C20AB2F7409B}.Debug|x86.Build.0 = Debug|x86
		{59BD1A72-20AF-41B8-BCA2-C20AB2F7409B}.Release|Any CPU.ActiveCfg = Release|x86
		{59BD1A72-20AF-41B8-BCA2-C20AB2F7409B}.Release|Mixed Platforms.ActiveCfg = Release|x86
		{59BD1A72-20AF-41B8-BCA2-C20AB2F7409B}.Release|Mixed Platforms.Build.0 = Release|x86
		{59BD1A72-20AF-41B8-BCA2-C20AB2F7409B}.Release|x86.ActiveCfg = Release|x86
		{59BD1A72-20AF-41B8-BCA2-C20AB2F7409B}.Release|x86.Build.0 = Release|x86
		{3F407D13-B72E-4B9F-949B-2B4E7DF0E318}.Debug|Any CPU.ActiveCfg = Debug|x86
		{3F407D13-B72E-4B9F-949B-2B4E7DF0E318}.Debug|Mixed Platforms.ActiveCfg = Debug|x86
		{3F407D13-B72E-4B9F-949B-2B4E7DF0E318}.Debug|Mixed Platforms.Build.0 = Debug|x86
		{3F407D13-B72E-4B9F-949B-2B4E7DF0E318}.Debug|x86.ActiveCfg = Debug|x86
		{3F407D13-B72E-4B9F-949B-2B4E7DF0E318}.Debug|x86.Build.0 = Debug|x86
		{3F407D13-B72E-4B9F-949B-2B4E7DF0E318}.Release|Any CPU.ActiveCfg = Release|x86
		{3F407D13-B72E-4B9F-949B-2B4E7DF0E318}.Release|Mixed Platforms.ActiveCfg = Release|x86
		{3F407D13-B72E-4B9F-949B-2B4E7DF0E318}.Release|Mixed Platforms.Build.0 = Release|x86
		{3F407D13-B72E-4B9F-949B-2B4E7DF0E318}.Release|x86.ActiveCfg = Release|x86
		{3F407D13-B72E-4B9F-949B-2B4E7DF0E318}.Release|x86.Build.0 = Release|x86
		{6964BBCE-7AFF-4833-BBCC-43B5FC601581}.Debug|Any CPU.ActiveCfg = Debug|x86
		{6964BBCE-7AFF-4833-BBCC-43B5FC601581}.Debug|Mixed Platforms.ActiveCfg = Debug|x86
		{6964BBCE-7AFF-4833-BBCC-43B5FC601581}.Debug|Mixed Platforms.Build.0 = Debug|x86
		{6964BBCE-7AFF-4833-BBCC-43B5FC601581}.Debug|x86.ActiveCfg = Debug|x86
		{6964BBCE-7AFF-4833-BBCC-43B5FC601581}.Debug|x86.Build.0 = Debug|x86
		{6964BBCE-7AFF-4833-BBCC-43B5FC601581}.Release|Any CPU.ActiveCfg = Release|x86
		{6964BBCE-7AFF-4833-BBCC-43B5FC601581}.Release|Mixed Platforms.ActiveCfg = Release|x86
		{6964BBCE-7AFF-4833-BBCC-43B5FC601581}.Release|Mixed Platforms.Build.0 = Release|x86
		{6964BBCE-7AFF-4833-BBCC-43B5FC601581}.Release|x86.ActiveCfg = Release|x86
		{6964BBCE-7AFF-4833-BBCC-43B5FC601581}.Release|x86.Build.0 = Release|x86
		{34E918FE-AEE2-4F4E-B245-EB7ABAFBB5AB}.Debug|Any CPU.ActiveCfg = Debug|x86
		{34E918FE-AEE2-4F4E-B245-EB7ABAFBB5AB}.Debug|Mixed Platforms.ActiveCfg = Debug|x86
		{34E918FE-AEE2-4F4E-B245-EB7ABAFBB5AB}.Debug|Mixed Platforms.Build.0 = Debug|x86
		{34E918FE-AEE2-4F4E-B245-EB7ABAFBB5AB}.Debug|x86.ActiveCfg = Debug|x86
		{34E918FE-AEE2-4F4E-B245-EB7ABAFBB5AB}.Debug|x86.Build.0 = Debug|x86
		{34E918FE-AEE2-4F4E-B245-EB7ABAFBB5AB}.Release|Any CPU.ActiveCfg = Release|x86
		{34E918FE-AEE2-4F4E-B245-EB7ABAFBB5AB}.Release|Mixed Platforms.ActiveCfg = Release|x86
		{34E918FE-AEE2-4F4E-B245-EB7ABAFBB5AB}.Release|Mixed Platforms.Build.0 = Release|x86
		{34E918FE-AEE2-4F4E-B245-EB7ABAFBB5AB}.Release|x86.ActiveCfg = Release|x86
		{34E918FE-AEE2-4F4E-B245-EB7ABAFBB5AB}.Release|x86.Build.0 = Release|x86
		{B1A7BFD7-8919-4BA4-B9C1-CFDACCE08C82}.Debug|Any CPU.ActiveCfg = Debug|x86
		{B1A7BFD7-8919-4BA4-B9C1-CFDACCE08C82}.Debug|Mixed Platforms.ActiveCfg = Debug|x86
		{B1A7BFD7-8919-4BA4-B9C1-CFDACCE08C82}.Debug|Mixed Platforms.Build.0 = Debug|x86
		{B1A7BFD7-8919-4BA4-B9C1-CFDACCE08C82}.Debug|x86.ActiveCfg = Debug|x86
		{B1A7BFD7-8919-4BA4-B9C1-CFDACCE08C82}.Debug|x86.Build.0 = Debug|x86
		{B1A7BFD7-8919-4BA4-B9C1-CFDACCE08C82}.Release|Any CPU.ActiveCfg = Release|x86
		{B1A7BFD7-8919-4BA4-B9C1-CFDACCE08C82}.Release|Mixed Platforms.ActiveCfg = Release|x86
		{B1A7BFD7-8919-4BA4-B9C1-CFDACCE08C82}.Release|Mixed Platforms.Build.0 = Release|x86
		{B1A7BFD7-8919-4BA4-B9C1-CFDACCE08C82}.Release|x86.ActiveCfg = Release|x86
		{B1A7BFD7-8919-4BA4-B9C1-CFDACCE08C82}.Release|x86.Build.0 = Release|x86
		{A4924CDE-FFB5-41AC-913C-216B3A97478D}.Debug|Any CPU.ActiveCfg = Debug|x86
		{A4924CDE-FFB5-41AC-913C-216B3A97478D}.Debug|Mixed Platforms.ActiveCfg = Debug|x86
		{A4924CDE-FFB5-41AC-913C-216B3A97478D}.Debug|Mixed Platforms.Build.0 = Debug|x86
		{A4924CDE-FFB5-41AC-913C-216B3A97478D}.Debug|x86.ActiveCfg = Debug|x86
		{A4924CDE-FFB5-41AC-913C-216B3A97478D}.Debug|x86.Build.0 = Debug|x86
		{A4924CDE-FFB5-41AC-913C-216B3A97478D}.Release|Any CPU.ActiveCfg = Release|x86
		{A4924CDE-FFB5-41AC-913C-216B3A97478D}.Release|Mixed Platforms.ActiveCfg = Release|x86
		{A4924CDE-FFB5-41AC-913C-216B3A97478D}.Release|Mixed Platforms.Build.0 = Release|x86
		{A4924CDE-FFB5-41AC-913C-216B3A97478D}.Release|x86.ActiveCfg = Release|x86
		{A4924CDE-FFB5-41AC-913C-216B3A97478D}.Release|x86.Build.0 = Release|x86
		{888846F0-FC53-4700-965E-C3482B747EDD}.Debug|Any CPU.ActiveCfg = Debug|x86
		{888846F0-FC53-4700-965E-C3482B747EDD}.Debug|Mixed Platforms.ActiveCfg = Debug|x86
		{888846F0-FC53-4700-965E-C3482B747EDD}.Debug|x86.ActiveCfg = Debug|x86
		{888846F0-FC53-4700-965E-C3482B747EDD}.Debug|x86.Build.0 = Debug|x86
		{888846F0-FC53-4700-965E-C3482B747EDD}.Release|Any CPU.ActiveCfg = Release|x86
		{888846F0-FC53-4700-965E-C3482B747EDD}.Release|Mixed Platforms.ActiveCfg = Release|x86
		{888846F0-FC53-4700-965E-C3482B747EDD}.Release|Mixed Platforms.Build.0 = Release|x86
		{888846F0-FC53-4700-965E-C3482B747EDD}.Release|x86.ActiveCfg = Release|x86
		{888846F0-FC53-4700-965E-C3482B747EDD}.Release|x86.Build.0 = Release|x86
		{706F9612-F1CB-48D1-9EA0-9FB3A2D2F0B8}.Debug|Any CPU.ActiveCfg = Debug|x86
		{706F9612-F1CB-48D1-9EA0-9FB3A2D2F0B8}.Debug|Mixed Platforms.ActiveCfg = Debug|x86
		{706F9612-F1CB-48D1-9EA0-9FB3A2D2F0B8}.Debug|Mixed Platforms.Build.0 = Debug|x86
		{706F9612-F1CB-48D1-9EA0-9FB3A2D2F0B8}.Debug|x86.ActiveCfg = Debug|x86
		{706F9612-F1CB-48D1-9EA0-9FB3A2D2F0B8}.Debug|x86.Build.0 = Debug|x86
		{706F9612-F1CB-48D1-9EA0-9FB3A2D2F0B8}.Release|Any CPU.ActiveCfg = Release|x86
		{706F9612-F1CB-48D1-9EA0-9FB3A2D2F0B8}.Release|Mixed Platforms.ActiveCfg = Release|x86
		{706F9612-F1CB-48D1-9EA0-9FB3A2D2F0B8}.Release|Mixed Platforms.Build.0 = Release|x86
		{706F9612-F1CB-48D1-9EA0-9FB3A2D2F0B8}.Release|x86.ActiveCfg = Release|x86
		{706F9612-F1CB-48D1-9EA0-9FB3A2D2F0B8}.Release|x86.Build.0 = Release|x86
		{30976A48-771B-464F-89A9-71554E48C8E4}.Debug|Any CPU.ActiveCfg = Debug|x86
		{30976A48-771B-464F-89A9-71554E48C8E4}.Debug|Mixed Platforms.ActiveCfg = Debug|x86
		{30976A48-771B-464F-89A9-71554E48C8E4}.Debug|Mixed Platforms.Build.0 = Debug|x86
		{30976A48-771B-464F-89A9-71554E48C8E4}.Debug|x86.ActiveCfg = Debug|x86
		{30976A48-771B-464F-89A9-71554E48C8E4}.Debug|x86.Build.0 = Debug|x86
		{30976A48-771B-464F-89A9-71554E48C8E4}.Release|Any CPU.ActiveCfg = Release|x86
		{30976A48-771B-464F-89A9-71554E48C8E4}.Release|Mixed Platforms.ActiveCfg = Release|x86
		{30976A48-771B-464F-89A9-71554E48C8E4}.Release|Mixed Platforms.Build.0 = Release|x86
		{30976A48-771B-464F-89A9-71554E48C8E4}.Release|x86.ActiveCfg = Release|x86
		{30976A48-771B-464F-89A9-71554E48C8E4}.Release|x86.Build.0 = Release|x86
		{B4EB7C95-B348-42BE-8B74-382C95135140}.Debug|Any CPU.ActiveCfg = Debug|x86
		{B4EB7C95-B348-42BE-8B74-382C95135140}.Debug|Mixed Platforms.ActiveCfg = Debug|x86
		{B4EB7C95-B348-42BE-8B74-382C95135140}.Debug|Mixed Platforms.Build.0 = Debug|x86
		{B4EB7C95-B348-42BE-8B74-382C95135140}.Debug|x86.ActiveCfg = Debug|x86
		{B4EB7C95-B348-42BE-8B74-382C95135140}.Debug|x86.Build.0 = Debug|x86
		{B4EB7C95-B348-42BE-8B74-382C95135140}.Release|Any CPU.ActiveCfg = Release|x86
		{B4EB7C95-B348-42BE-8B74-382C95135140}.Release|Mixed Platforms.ActiveCfg = Release|x86
		{B4EB7C95-B348-42BE-8B74-382C95135140}.Release|Mixed Platforms.Build.0 = Release|x86
		{B4EB7C95-B348-42BE-8B74-382C95135140}.Release|x86.ActiveCfg = Release|x86
		{B4EB7C95-B348-42BE-8B74-382C95135140}.Release|x86.Build.0 = Release|x86
		{7B2D11FC-A42D-4915-A604-7549B5DA2657}.Debug|Any CPU.ActiveCfg = Debug|x86
		{7B2D11FC-A42D-4915-A604-7549B5DA2657}.Debug|Mixed Platforms.ActiveCfg = Debug|x86
		{7B2D11FC-A42D-4915-A604-7549B5DA2657}.Debug|Mixed Platforms.Build.0 = Debug|x86
		{7B2D11FC-A42D-4915-A604-7549B5DA2657}.Debug|x86.ActiveCfg = Debug|x86
		{7B2D11FC-A42D-4915-A604-7549B5DA2657}.Debug|x86.Build.0 = Debug|x86
		{7B2D11FC-A42D-4915-A604-7549B5DA2657}.Release|Any CPU.ActiveCfg = Release|x86
		{7B2D11FC-A42D-4915-A604-7549B5DA2657}.Release|Mixed Platforms.ActiveCfg = Release|x86
		{7B2D11FC-A42D-4915-A604-7549B5DA2657}.Release|Mixed Platforms.Build.0 = Release|x86
		{7B2D11FC-A42D-4915-A604-7549B5DA2657}.Release|x86.ActiveCfg = Release|x86
		{7B2D11FC-A42D-4915-A604-7549B5DA2657}.Release|x86.Build.0 = Release|x86
		{9A803686-D843-4B7F-B6E5-624035283851}.Debug|Any CPU.ActiveCfg = Debug|Any CPU
		{9A803686-D843-4B7F-B6E5-624035283851}.Debug|Any CPU.Build.0 = Debug|Any CPU
		{9A803686-D843-4B7F-B6E5-624035283851}.Debug|Mixed Platforms.ActiveCfg = Debug|Any CPU
		{9A803686-D843-4B7F-B6E5-624035283851}.Debug|Mixed Platforms.Build.0 = Debug|Any CPU
		{9A803686-D843-4B7F-B6E5-624035283851}.Debug|x86.ActiveCfg = Debug|Any CPU
		{9A803686-D843-4B7F-B6E5-624035283851}.Release|Any CPU.ActiveCfg = Release|Any CPU
		{9A803686-D843-4B7F-B6E5-624035283851}.Release|Any CPU.Build.0 = Release|Any CPU
		{9A803686-D843-4B7F-B6E5-624035283851}.Release|Mixed Platforms.ActiveCfg = Release|Any CPU
		{9A803686-D843-4B7F-B6E5-624035283851}.Release|Mixed Platforms.Build.0 = Release|Any CPU
		{9A803686-D843-4B7F-B6E5-624035283851}.Release|x86.ActiveCfg = Release|Any CPU
		{1C10E4D8-642F-4ED3-8803-14BEB5E3AAA2}.Debug|Any CPU.ActiveCfg = Debug|x86
		{1C10E4D8-642F-4ED3-8803-14BEB5E3AAA2}.Debug|Mixed Platforms.ActiveCfg = Debug|x86
		{1C10E4D8-642F-4ED3-8803-14BEB5E3AAA2}.Debug|Mixed Platforms.Build.0 = Debug|x86
		{1C10E4D8-642F-4ED3-8803-14BEB5E3AAA2}.Debug|x86.ActiveCfg = Debug|x86
		{1C10E4D8-642F-4ED3-8803-14BEB5E3AAA2}.Debug|x86.Build.0 = Debug|x86
		{1C10E4D8-642F-4ED3-8803-14BEB5E3AAA2}.Release|Any CPU.ActiveCfg = Release|x86
		{1C10E4D8-642F-4ED3-8803-14BEB5E3AAA2}.Release|Mixed Platforms.ActiveCfg = Release|x86
		{1C10E4D8-642F-4ED3-8803-14BEB5E3AAA2}.Release|Mixed Platforms.Build.0 = Release|x86
		{1C10E4D8-642F-4ED3-8803-14BEB5E3AAA2}.Release|x86.ActiveCfg = Release|x86
		{1C10E4D8-642F-4ED3-8803-14BEB5E3AAA2}.Release|x86.Build.0 = Release|x86
		{C67F3606-10E6-48B8-AF04-CA374BFEF913}.Debug|Any CPU.ActiveCfg = Debug|x86
		{C67F3606-10E6-48B8-AF04-CA374BFEF913}.Debug|Mixed Platforms.ActiveCfg = Debug|x86
		{C67F3606-10E6-48B8-AF04-CA374BFEF913}.Debug|Mixed Platforms.Build.0 = Debug|x86
		{C67F3606-10E6-48B8-AF04-CA374BFEF913}.Debug|x86.ActiveCfg = Debug|x86
		{C67F3606-10E6-48B8-AF04-CA374BFEF913}.Debug|x86.Build.0 = Debug|x86
		{C67F3606-10E6-48B8-AF04-CA374BFEF913}.Release|Any CPU.ActiveCfg = Release|x86
		{C67F3606-10E6-48B8-AF04-CA374BFEF913}.Release|Mixed Platforms.ActiveCfg = Release|x86
		{C67F3606-10E6-48B8-AF04-CA374BFEF913}.Release|Mixed Platforms.Build.0 = Release|x86
		{C67F3606-10E6-48B8-AF04-CA374BFEF913}.Release|x86.ActiveCfg = Release|x86
		{C67F3606-10E6-48B8-AF04-CA374BFEF913}.Release|x86.Build.0 = Release|x86
		{E0E30E37-8AE7-4250-A4D7-1D35B5AA382E}.Debug|Any CPU.ActiveCfg = Debug|x86
		{E0E30E37-8AE7-4250-A4D7-1D35B5AA382E}.Debug|Mixed Platforms.ActiveCfg = Debug|x86
		{E0E30E37-8AE7-4250-A4D7-1D35B5AA382E}.Debug|Mixed Platforms.Build.0 = Debug|x86
		{E0E30E37-8AE7-4250-A4D7-1D35B5AA382E}.Debug|x86.ActiveCfg = Debug|x86
		{E0E30E37-8AE7-4250-A4D7-1D35B5AA382E}.Debug|x86.Build.0 = Debug|x86
		{E0E30E37-8AE7-4250-A4D7-1D35B5AA382E}.Release|Any CPU.ActiveCfg = Release|x86
		{E0E30E37-8AE7-4250-A4D7-1D35B5AA382E}.Release|Mixed Platforms.ActiveCfg = Release|x86
		{E0E30E37-8AE7-4250-A4D7-1D35B5AA382E}.Release|Mixed Platforms.Build.0 = Release|x86
		{E0E30E37-8AE7-4250-A4D7-1D35B5AA382E}.Release|x86.ActiveCfg = Release|x86
		{E0E30E37-8AE7-4250-A4D7-1D35B5AA382E}.Release|x86.Build.0 = Release|x86
		{B472C569-C21F-4592-8814-56936E71F053}.Debug|Any CPU.ActiveCfg = Debug|x86
		{B472C569-C21F-4592-8814-56936E71F053}.Debug|Mixed Platforms.ActiveCfg = Debug|x86
		{B472C569-C21F-4592-8814-56936E71F053}.Debug|Mixed Platforms.Build.0 = Debug|x86
		{B472C569-C21F-4592-8814-56936E71F053}.Debug|x86.ActiveCfg = Debug|x86
		{B472C569-C21F-4592-8814-56936E71F053}.Debug|x86.Build.0 = Debug|x86
		{B472C569-C21F-4592-8814-56936E71F053}.Release|Any CPU.ActiveCfg = Release|x86
		{B472C569-C21F-4592-8814-56936E71F053}.Release|Mixed Platforms.ActiveCfg = Release|x86
		{B472C569-C21F-4592-8814-56936E71F053}.Release|Mixed Platforms.Build.0 = Release|x86
		{B472C569-C21F-4592-8814-56936E71F053}.Release|x86.ActiveCfg = Release|x86
		{B472C569-C21F-4592-8814-56936E71F053}.Release|x86.Build.0 = Release|x86
		{B7DE0329-22C2-42F7-ABBE-93FEA8A6C148}.Debug|Any CPU.ActiveCfg = Debug|x86
		{B7DE0329-22C2-42F7-ABBE-93FEA8A6C148}.Debug|Mixed Platforms.ActiveCfg = Debug|x86
		{B7DE0329-22C2-42F7-ABBE-93FEA8A6C148}.Debug|Mixed Platforms.Build.0 = Debug|x86
		{B7DE0329-22C2-42F7-ABBE-93FEA8A6C148}.Debug|x86.ActiveCfg = Debug|x86
		{B7DE0329-22C2-42F7-ABBE-93FEA8A6C148}.Debug|x86.Build.0 = Debug|x86
		{B7DE0329-22C2-42F7-ABBE-93FEA8A6C148}.Release|Any CPU.ActiveCfg = Release|x86
		{B7DE0329-22C2-42F7-ABBE-93FEA8A6C148}.Release|Mixed Platforms.ActiveCfg = Release|x86
		{B7DE0329-22C2-42F7-ABBE-93FEA8A6C148}.Release|Mixed Platforms.Build.0 = Release|x86
		{B7DE0329-22C2-42F7-ABBE-93FEA8A6C148}.Release|x86.ActiveCfg = Release|x86
		{B7DE0329-22C2-42F7-ABBE-93FEA8A6C148}.Release|x86.Build.0 = Release|x86
		{CC770CDE-63C9-414D-9EFD-4B1DA3FBB6A4}.Debug|Any CPU.ActiveCfg = Debug|x86
		{CC770CDE-63C9-414D-9EFD-4B1DA3FBB6A4}.Debug|Mixed Platforms.ActiveCfg = Debug|x86
		{CC770CDE-63C9-414D-9EFD-4B1DA3FBB6A4}.Debug|Mixed Platforms.Build.0 = Debug|x86
		{CC770CDE-63C9-414D-9EFD-4B1DA3FBB6A4}.Debug|x86.ActiveCfg = Debug|x86
		{CC770CDE-63C9-414D-9EFD-4B1DA3FBB6A4}.Debug|x86.Build.0 = Debug|x86
		{CC770CDE-63C9-414D-9EFD-4B1DA3FBB6A4}.Release|Any CPU.ActiveCfg = Release|x86
		{CC770CDE-63C9-414D-9EFD-4B1DA3FBB6A4}.Release|Mixed Platforms.ActiveCfg = Release|x86
		{CC770CDE-63C9-414D-9EFD-4B1DA3FBB6A4}.Release|Mixed Platforms.Build.0 = Release|x86
		{CC770CDE-63C9-414D-9EFD-4B1DA3FBB6A4}.Release|x86.ActiveCfg = Release|x86
		{CC770CDE-63C9-414D-9EFD-4B1DA3FBB6A4}.Release|x86.Build.0 = Release|x86
		{5BCA96A3-1728-4B96-B2EE-D7BFE7753B5E}.Debug|Any CPU.ActiveCfg = Debug|x86
		{5BCA96A3-1728-4B96-B2EE-D7BFE7753B5E}.Debug|Mixed Platforms.ActiveCfg = Debug|x86
		{5BCA96A3-1728-4B96-B2EE-D7BFE7753B5E}.Debug|Mixed Platforms.Build.0 = Debug|x86
		{5BCA96A3-1728-4B96-B2EE-D7BFE7753B5E}.Debug|x86.ActiveCfg = Debug|x86
		{5BCA96A3-1728-4B96-B2EE-D7BFE7753B5E}.Debug|x86.Build.0 = Debug|x86
		{5BCA96A3-1728-4B96-B2EE-D7BFE7753B5E}.Release|Any CPU.ActiveCfg = Release|x86
		{5BCA96A3-1728-4B96-B2EE-D7BFE7753B5E}.Release|Mixed Platforms.ActiveCfg = Release|x86
		{5BCA96A3-1728-4B96-B2EE-D7BFE7753B5E}.Release|Mixed Platforms.Build.0 = Release|x86
		{5BCA96A3-1728-4B96-B2EE-D7BFE7753B5E}.Release|x86.ActiveCfg = Release|x86
		{5BCA96A3-1728-4B96-B2EE-D7BFE7753B5E}.Release|x86.Build.0 = Release|x86
		{47B1C93D-0A27-4EE0-8CC5-09C648148A26}.Debug|Any CPU.ActiveCfg = Debug|x86
		{47B1C93D-0A27-4EE0-8CC5-09C648148A26}.Debug|Mixed Platforms.ActiveCfg = Debug|x86
		{47B1C93D-0A27-4EE0-8CC5-09C648148A26}.Debug|Mixed Platforms.Build.0 = Debug|x86
		{47B1C93D-0A27-4EE0-8CC5-09C648148A26}.Debug|x86.ActiveCfg = Debug|x86
		{47B1C93D-0A27-4EE0-8CC5-09C648148A26}.Debug|x86.Build.0 = Debug|x86
		{47B1C93D-0A27-4EE0-8CC5-09C648148A26}.Release|Any CPU.ActiveCfg = Release|x86
		{47B1C93D-0A27-4EE0-8CC5-09C648148A26}.Release|Mixed Platforms.ActiveCfg = Release|x86
		{47B1C93D-0A27-4EE0-8CC5-09C648148A26}.Release|Mixed Platforms.Build.0 = Release|x86
		{47B1C93D-0A27-4EE0-8CC5-09C648148A26}.Release|x86.ActiveCfg = Release|x86
		{47B1C93D-0A27-4EE0-8CC5-09C648148A26}.Release|x86.Build.0 = Release|x86
		{923A2B53-FF69-426C-91CE-8505DB2306DC}.Debug|Any CPU.ActiveCfg = Debug|x86
		{923A2B53-FF69-426C-91CE-8505DB2306DC}.Debug|Mixed Platforms.ActiveCfg = Debug|x86
		{923A2B53-FF69-426C-91CE-8505DB2306DC}.Debug|Mixed Platforms.Build.0 = Debug|x86
		{923A2B53-FF69-426C-91CE-8505DB2306DC}.Debug|x86.ActiveCfg = Debug|x86
		{923A2B53-FF69-426C-91CE-8505DB2306DC}.Debug|x86.Build.0 = Debug|x86
		{923A2B53-FF69-426C-91CE-8505DB2306DC}.Release|Any CPU.ActiveCfg = Release|x86
		{923A2B53-FF69-426C-91CE-8505DB2306DC}.Release|Mixed Platforms.ActiveCfg = Release|x86
		{923A2B53-FF69-426C-91CE-8505DB2306DC}.Release|Mixed Platforms.Build.0 = Release|x86
		{923A2B53-FF69-426C-91CE-8505DB2306DC}.Release|x86.ActiveCfg = Release|x86
		{923A2B53-FF69-426C-91CE-8505DB2306DC}.Release|x86.Build.0 = Release|x86
		{DCE78398-5DE8-4E6C-8A1D-E34A6198A1FF}.Debug|Any CPU.ActiveCfg = Debug|Any CPU
		{DCE78398-5DE8-4E6C-8A1D-E34A6198A1FF}.Debug|Any CPU.Build.0 = Debug|Any CPU
		{DCE78398-5DE8-4E6C-8A1D-E34A6198A1FF}.Debug|Mixed Platforms.ActiveCfg = Debug|Any CPU
		{DCE78398-5DE8-4E6C-8A1D-E34A6198A1FF}.Debug|Mixed Platforms.Build.0 = Debug|Any CPU
		{DCE78398-5DE8-4E6C-8A1D-E34A6198A1FF}.Debug|x86.ActiveCfg = Debug|Any CPU
		{DCE78398-5DE8-4E6C-8A1D-E34A6198A1FF}.Release|Any CPU.ActiveCfg = Release|Any CPU
		{DCE78398-5DE8-4E6C-8A1D-E34A6198A1FF}.Release|Any CPU.Build.0 = Release|Any CPU
		{DCE78398-5DE8-4E6C-8A1D-E34A6198A1FF}.Release|Mixed Platforms.ActiveCfg = Release|Any CPU
		{DCE78398-5DE8-4E6C-8A1D-E34A6198A1FF}.Release|Mixed Platforms.Build.0 = Release|Any CPU
		{DCE78398-5DE8-4E6C-8A1D-E34A6198A1FF}.Release|x86.ActiveCfg = Release|Any CPU
		{797D99AF-E025-4F81-A488-DC555E74EABE}.Debug|Any CPU.ActiveCfg = Debug|x86
		{797D99AF-E025-4F81-A488-DC555E74EABE}.Debug|Mixed Platforms.ActiveCfg = Debug|x86
		{797D99AF-E025-4F81-A488-DC555E74EABE}.Debug|Mixed Platforms.Build.0 = Debug|x86
		{797D99AF-E025-4F81-A488-DC555E74EABE}.Debug|x86.ActiveCfg = Debug|x86
		{797D99AF-E025-4F81-A488-DC555E74EABE}.Debug|x86.Build.0 = Debug|x86
		{797D99AF-E025-4F81-A488-DC555E74EABE}.Release|Any CPU.ActiveCfg = Release|x86
		{797D99AF-E025-4F81-A488-DC555E74EABE}.Release|Mixed Platforms.ActiveCfg = Release|x86
		{797D99AF-E025-4F81-A488-DC555E74EABE}.Release|Mixed Platforms.Build.0 = Release|x86
		{797D99AF-E025-4F81-A488-DC555E74EABE}.Release|x86.ActiveCfg = Release|x86
		{797D99AF-E025-4F81-A488-DC555E74EABE}.Release|x86.Build.0 = Release|x86
		{8A7F7AEF-CAB8-44E6-8EB7-AC17F5176F21}.Debug|Any CPU.ActiveCfg = Debug|x86
		{8A7F7AEF-CAB8-44E6-8EB7-AC17F5176F21}.Debug|Mixed Platforms.ActiveCfg = Debug|x86
		{8A7F7AEF-CAB8-44E6-8EB7-AC17F5176F21}.Debug|Mixed Platforms.Build.0 = Debug|x86
		{8A7F7AEF-CAB8-44E6-8EB7-AC17F5176F21}.Debug|x86.ActiveCfg = Debug|x86
		{8A7F7AEF-CAB8-44E6-8EB7-AC17F5176F21}.Debug|x86.Build.0 = Debug|x86
		{8A7F7AEF-CAB8-44E6-8EB7-AC17F5176F21}.Release|Any CPU.ActiveCfg = Release|x86
		{8A7F7AEF-CAB8-44E6-8EB7-AC17F5176F21}.Release|Mixed Platforms.ActiveCfg = Release|x86
		{8A7F7AEF-CAB8-44E6-8EB7-AC17F5176F21}.Release|Mixed Platforms.Build.0 = Release|x86
		{8A7F7AEF-CAB8-44E6-8EB7-AC17F5176F21}.Release|x86.ActiveCfg = Release|x86
		{8A7F7AEF-CAB8-44E6-8EB7-AC17F5176F21}.Release|x86.Build.0 = Release|x86
		{833CEFF7-96CA-4909-99E9-659120A4F196}.Debug|Any CPU.ActiveCfg = Debug|x86
		{833CEFF7-96CA-4909-99E9-659120A4F196}.Debug|Mixed Platforms.ActiveCfg = Debug|x86
		{833CEFF7-96CA-4909-99E9-659120A4F196}.Debug|Mixed Platforms.Build.0 = Debug|x86
		{833CEFF7-96CA-4909-99E9-659120A4F196}.Debug|x86.ActiveCfg = Debug|x86
		{833CEFF7-96CA-4909-99E9-659120A4F196}.Debug|x86.Build.0 = Debug|x86
		{833CEFF7-96CA-4909-99E9-659120A4F196}.Release|Any CPU.ActiveCfg = Release|x86
		{833CEFF7-96CA-4909-99E9-659120A4F196}.Release|Mixed Platforms.ActiveCfg = Release|x86
		{833CEFF7-96CA-4909-99E9-659120A4F196}.Release|Mixed Platforms.Build.0 = Release|x86
		{833CEFF7-96CA-4909-99E9-659120A4F196}.Release|x86.ActiveCfg = Release|x86
		{833CEFF7-96CA-4909-99E9-659120A4F196}.Release|x86.Build.0 = Release|x86
		{7ABB84F4-9285-4070-9F44-CB9EE24DE078}.Debug|Any CPU.ActiveCfg = Debug|x86
		{7ABB84F4-9285-4070-9F44-CB9EE24DE078}.Debug|Mixed Platforms.ActiveCfg = Debug|x86
		{7ABB84F4-9285-4070-9F44-CB9EE24DE078}.Debug|Mixed Platforms.Build.0 = Debug|x86
		{7ABB84F4-9285-4070-9F44-CB9EE24DE078}.Debug|x86.ActiveCfg = Debug|x86
		{7ABB84F4-9285-4070-9F44-CB9EE24DE078}.Debug|x86.Build.0 = Debug|x86
		{7ABB84F4-9285-4070-9F44-CB9EE24DE078}.Release|Any CPU.ActiveCfg = Release|x86
		{7ABB84F4-9285-4070-9F44-CB9EE24DE078}.Release|Mixed Platforms.ActiveCfg = Release|x86
		{7ABB84F4-9285-4070-9F44-CB9EE24DE078}.Release|Mixed Platforms.Build.0 = Release|x86
		{7ABB84F4-9285-4070-9F44-CB9EE24DE078}.Release|x86.ActiveCfg = Release|x86
		{7ABB84F4-9285-4070-9F44-CB9EE24DE078}.Release|x86.Build.0 = Release|x86
		{AA660C72-FA0C-49B4-A559-64B6DB184559}.Debug|Any CPU.ActiveCfg = Debug|x86
		{AA660C72-FA0C-49B4-A559-64B6DB184559}.Debug|Mixed Platforms.ActiveCfg = Debug|x86
		{AA660C72-FA0C-49B4-A559-64B6DB184559}.Debug|Mixed Platforms.Build.0 = Debug|x86
		{AA660C72-FA0C-49B4-A559-64B6DB184559}.Debug|x86.ActiveCfg = Debug|x86
		{AA660C72-FA0C-49B4-A559-64B6DB184559}.Debug|x86.Build.0 = Debug|x86
		{AA660C72-FA0C-49B4-A559-64B6DB184559}.Release|Any CPU.ActiveCfg = Release|x86
		{AA660C72-FA0C-49B4-A559-64B6DB184559}.Release|Mixed Platforms.ActiveCfg = Release|x86
		{AA660C72-FA0C-49B4-A559-64B6DB184559}.Release|Mixed Platforms.Build.0 = Release|x86
		{AA660C72-FA0C-49B4-A559-64B6DB184559}.Release|x86.ActiveCfg = Release|x86
		{AA660C72-FA0C-49B4-A559-64B6DB184559}.Release|x86.Build.0 = Release|x86
	EndGlobalSection
	GlobalSection(SolutionProperties) = preSolution
		HideSolutionNode = FALSE
	EndGlobalSection
	GlobalSection(NestedProjects) = preSolution
		{BF71D7E8-589B-4742-8D9E-579275A5C236} = {5C59242E-85E2-491B-A47C-EB55AF7AC14F}
		{61466A90-5F1F-447A-9851-FB5E877B22D2} = {5C59242E-85E2-491B-A47C-EB55AF7AC14F}
		{8D160559-4C4E-4F88-8931-F7FA2710882C} = {5C59242E-85E2-491B-A47C-EB55AF7AC14F}
		{06C3B8ED-32F7-48BA-A3E2-0EB33BD17C53} = {5C59242E-85E2-491B-A47C-EB55AF7AC14F}
		{AB4FF916-2ADA-4BF4-A7DB-CF834043140B} = {5C59242E-85E2-491B-A47C-EB55AF7AC14F}
		{6CCD1C2B-D2E9-454B-8490-B80C245633DB} = {5C59242E-85E2-491B-A47C-EB55AF7AC14F}
		{AA39F825-C5F6-43AE-8DE8-9BA60C7AAEE1} = {5C59242E-85E2-491B-A47C-EB55AF7AC14F}
		{EC4CED4D-611E-4B73-BF8D-E7309F336504} = {5C59242E-85E2-491B-A47C-EB55AF7AC14F}
		{33865A01-8B94-4D44-A1CC-A375357C80A7} = {5C59242E-85E2-491B-A47C-EB55AF7AC14F}
		{E4A69E91-0947-438C-8E4C-1761D936322C} = {5C59242E-85E2-491B-A47C-EB55AF7AC14F}
		{5EBE0119-EEDB-49D5-86E5-9ECA79299B9B} = {5C59242E-85E2-491B-A47C-EB55AF7AC14F}
		{B1A7BFD7-8919-4BA4-B9C1-CFDACCE08C82} = {5C59242E-85E2-491B-A47C-EB55AF7AC14F}
		{833CEFF7-96CA-4909-99E9-659120A4F196} = {5C59242E-85E2-491B-A47C-EB55AF7AC14F}
		{5E1F9A28-DC10-44D3-8735-342B5AF43863} = {FFC7F3CA-A223-40C7-9066-D9AD0A0299B8}
		{E599B443-AFC9-49A7-9664-07F241DC007B} = {FFC7F3CA-A223-40C7-9066-D9AD0A0299B8}
		{3892C736-1FEE-4C1A-A355-3DA1BB288990} = {FFC7F3CA-A223-40C7-9066-D9AD0A0299B8}
		{D479DA3D-B02A-42A5-AFC2-C8FBC6E84DA1} = {FFC7F3CA-A223-40C7-9066-D9AD0A0299B8}
		{6964BBCE-7AFF-4833-BBCC-43B5FC601581} = {FFC7F3CA-A223-40C7-9066-D9AD0A0299B8}
		{42E40D80-605C-4B16-B65F-1B06256D80DA} = {5E1F9A28-DC10-44D3-8735-342B5AF43863}
		{AF7B7737-4867-48D7-BC16-1C80B5A61590} = {5E1F9A28-DC10-44D3-8735-342B5AF43863}
		{7C355D60-FA05-4D1C-95A7-788AE37FC887} = {B49B9A5A-C663-4685-98E3-C21D52477561}
		{D4322107-6A4C-49A0-A990-7350E1684CA6} = {B49B9A5A-C663-4685-98E3-C21D52477561}
		{EB403422-022F-4F16-B0EB-18511D431C6A} = {B49B9A5A-C663-4685-98E3-C21D52477561}
		{06742978-338D-479E-936D-9D94EA97ED2B} = {B49B9A5A-C663-4685-98E3-C21D52477561}
		{0AC34459-3AEB-416A-BF1F-C22C6285363D} = {B49B9A5A-C663-4685-98E3-C21D52477561}
		{8558E28B-3E2E-4678-BA61-96723676E016} = {B49B9A5A-C663-4685-98E3-C21D52477561}
		{2FDF3289-1DEB-422B-8D65-120E312C2FB7} = {B49B9A5A-C663-4685-98E3-C21D52477561}
		{C905D2E0-8FE6-43E4-B89B-22B25F82A00B} = {B49B9A5A-C663-4685-98E3-C21D52477561}
		{59BD1A72-20AF-41B8-BCA2-C20AB2F7409B} = {B49B9A5A-C663-4685-98E3-C21D52477561}
		{7B2D11FC-A42D-4915-A604-7549B5DA2657} = {B49B9A5A-C663-4685-98E3-C21D52477561}
		{5F6BB83A-7454-4568-8D75-E1258E7105AB} = {1AB60D3B-E521-4023-8354-8B22C2197001}
		{72DB6C85-56F9-4A86-BD06-C49891CE2238} = {82E69D12-FBC7-4C2D-AA68-F4DF7B79E48F}
		{FA7BF661-E768-4010-9854-24889594A66E} = {82E69D12-FBC7-4C2D-AA68-F4DF7B79E48F}
		{A666AD62-F9EF-4F0A-B459-073F18986D6B} = {82E69D12-FBC7-4C2D-AA68-F4DF7B79E48F}
		{09E6D6C2-48E9-4FCE-9A4E-F3E2C8D39FB9} = {82E69D12-FBC7-4C2D-AA68-F4DF7B79E48F}
		{2C65ED94-2653-4084-B99D-43BC15C134BA} = {82E69D12-FBC7-4C2D-AA68-F4DF7B79E48F}
		{6E3AF4D3-F1F9-4726-9D23-D8F12459BDE6} = {82E69D12-FBC7-4C2D-AA68-F4DF7B79E48F}
		{2789BDEC-E91B-430E-8D7F-4CF0FBC85406} = {82E69D12-FBC7-4C2D-AA68-F4DF7B79E48F}
		{EFEE55C1-E185-42AF-B73C-672ED94AAD40} = {82E69D12-FBC7-4C2D-AA68-F4DF7B79E48F}
		{3F407D13-B72E-4B9F-949B-2B4E7DF0E318} = {82E69D12-FBC7-4C2D-AA68-F4DF7B79E48F}
		{888846F0-FC53-4700-965E-C3482B747EDD} = {82E69D12-FBC7-4C2D-AA68-F4DF7B79E48F}
		{706F9612-F1CB-48D1-9EA0-9FB3A2D2F0B8} = {82E69D12-FBC7-4C2D-AA68-F4DF7B79E48F}
		{9A803686-D843-4B7F-B6E5-624035283851} = {82E69D12-FBC7-4C2D-AA68-F4DF7B79E48F}
		{1C10E4D8-642F-4ED3-8803-14BEB5E3AAA2} = {82E69D12-FBC7-4C2D-AA68-F4DF7B79E48F}
		{B472C569-C21F-4592-8814-56936E71F053} = {82E69D12-FBC7-4C2D-AA68-F4DF7B79E48F}
		{B7DE0329-22C2-42F7-ABBE-93FEA8A6C148} = {82E69D12-FBC7-4C2D-AA68-F4DF7B79E48F}
		{CC770CDE-63C9-414D-9EFD-4B1DA3FBB6A4} = {82E69D12-FBC7-4C2D-AA68-F4DF7B79E48F}
		{47B1C93D-0A27-4EE0-8CC5-09C648148A26} = {82E69D12-FBC7-4C2D-AA68-F4DF7B79E48F}
		{923A2B53-FF69-426C-91CE-8505DB2306DC} = {82E69D12-FBC7-4C2D-AA68-F4DF7B79E48F}
		{D3F68E40-CB5F-4B40-BFC3-F6CDA127C2D4} = {82E69D12-FBC7-4C2D-AA68-F4DF7B79E48F}
		{8A7F7AEF-CAB8-44E6-8EB7-AC17F5176F21} = {82E69D12-FBC7-4C2D-AA68-F4DF7B79E48F}
		{978D795F-DC2A-45F0-99C5-F430436E48B0} = {97EA10A9-1B59-4EE7-8E8B-1DE96ADFBAE7}
		{A4F5FB33-6831-4AA8-88AB-4A0D2ACA41D4} = {97EA10A9-1B59-4EE7-8E8B-1DE96ADFBAE7}
		{33289197-F902-4C21-9705-3B0011D93575} = {97EA10A9-1B59-4EE7-8E8B-1DE96ADFBAE7}
		{F34139B2-DE06-4E0A-B1B4-7EE9BA3644EF} = {2E4DA181-53F8-468A-823A-0EAC8BF96E20}
		{9A466CB7-910B-4F26-B7EE-89CC70337C61} = {2E4DA181-53F8-468A-823A-0EAC8BF96E20}
		{3876C073-B861-4851-BFE6-ACC0095978F9} = {8DA2FB4A-0BE6-491E-A371-A26CB1F47034}
		{F77443A7-0C3C-45F1-9223-1624B3B66495} = {8DA2FB4A-0BE6-491E-A371-A26CB1F47034}
		{1D766F6A-D159-4963-8EC0-475AB3F3CE7D} = {8DA2FB4A-0BE6-491E-A371-A26CB1F47034}
		{2F110A05-BC92-48F2-A82F-33316B3620F5} = {8DA2FB4A-0BE6-491E-A371-A26CB1F47034}
		{34E918FE-AEE2-4F4E-B245-EB7ABAFBB5AB} = {8DA2FB4A-0BE6-491E-A371-A26CB1F47034}
		{A4924CDE-FFB5-41AC-913C-216B3A97478D} = {8DA2FB4A-0BE6-491E-A371-A26CB1F47034}
		{30976A48-771B-464F-89A9-71554E48C8E4} = {8DA2FB4A-0BE6-491E-A371-A26CB1F47034}
		{B4EB7C95-B348-42BE-8B74-382C95135140} = {8DA2FB4A-0BE6-491E-A371-A26CB1F47034}
		{C67F3606-10E6-48B8-AF04-CA374BFEF913} = {8DA2FB4A-0BE6-491E-A371-A26CB1F47034}
		{E0E30E37-8AE7-4250-A4D7-1D35B5AA382E} = {8DA2FB4A-0BE6-491E-A371-A26CB1F47034}
		{5BCA96A3-1728-4B96-B2EE-D7BFE7753B5E} = {8DA2FB4A-0BE6-491E-A371-A26CB1F47034}
		{7ABB84F4-9285-4070-9F44-CB9EE24DE078} = {8DA2FB4A-0BE6-491E-A371-A26CB1F47034}
		{AA660C72-FA0C-49B4-A559-64B6DB184559} = {8DA2FB4A-0BE6-491E-A371-A26CB1F47034}
		{DCE78398-5DE8-4E6C-8A1D-E34A6198A1FF} = {D3F68E40-CB5F-4B40-BFC3-F6CDA127C2D4}
		{797D99AF-E025-4F81-A488-DC555E74EABE} = {D3F68E40-CB5F-4B40-BFC3-F6CDA127C2D4}
	EndGlobalSection
EndGlobal
